// !$*UTF8*$!
{
	archiveVersion = 1;
	classes = {
	};
	objectVersion = 48;
	objects = {

/* Begin PBXBuildFile section */
		047776DA1D8D83E30042312F /* icon.png.icns in Resources */ = {isa = PBXBuildFile; fileRef = 047776D91D8D83E30042312F /* icon.png.icns */; };
		047776DB1D8E2EE80042312F /* icon.png.icns in Resources */ = {isa = PBXBuildFile; fileRef = 047776D91D8D83E30042312F /* icon.png.icns */; };
		047776DD1D8F03910042312F /* icon.png in Resources */ = {isa = PBXBuildFile; fileRef = 047776DC1D8F03910042312F /* icon.png */; };
		047776DE1D8F03B80042312F /* icon.png in Resources */ = {isa = PBXBuildFile; fileRef = 047776DC1D8F03910042312F /* icon.png */; };
		0483188516218FE500B4E13F /* window-frame.png in Resources */ = {isa = PBXBuildFile; fileRef = 0483188316218F5400B4E13F /* window-frame.png */; };
		048318861621FFAE00B4E13F /* window-frame.png in Resources */ = {isa = PBXBuildFile; fileRef = 0483188316218F5400B4E13F /* window-frame.png */; };
		04831887162200F700B4E13F /* window-frame.png in Resources */ = {isa = PBXBuildFile; fileRef = 0483188316218F5400B4E13F /* window-frame.png */; };
		04E3649D154D613F002BC8DD /* Cocoa.framework in Frameworks */ = {isa = PBXBuildFile; fileRef = 04E3649C154D613F002BC8DD /* Cocoa.framework */; };
		04E364A7154D613F002BC8DD /* InfoPlist.strings in Resources */ = {isa = PBXBuildFile; fileRef = 04E364A5154D613F002BC8DD /* InfoPlist.strings */; };
		04E364A9154D613F002BC8DD /* main.swift in Sources */ = {isa = PBXBuildFile; fileRef = 04E364A8154D613F002BC8DD /* main.swift */; };
		04E364AD154D613F002BC8DD /* Credits.rtf in Resources */ = {isa = PBXBuildFile; fileRef = 04E364AB154D613F002BC8DD /* Credits.rtf */; };
		DB197C76161B0EB4009EA096 /* Cocoa.framework in Frameworks */ = {isa = PBXBuildFile; fileRef = 04E3649C154D613F002BC8DD /* Cocoa.framework */; };
		DB197C7C161B0EB4009EA096 /* InfoPlist.strings in Resources */ = {isa = PBXBuildFile; fileRef = DB197C7A161B0EB4009EA096 /* InfoPlist.strings */; };
		DB197C85161B0EE7009EA096 /* Bubblemon Dock Tile Plugin.docktileplugin in CopyFiles */ = {isa = PBXBuildFile; fileRef = DB197C75161B0EB4009EA096 /* Bubblemon Dock Tile Plugin.docktileplugin */; settings = {ATTRIBUTES = (CodeSignOnCopy, ); }; };
		DB197C8E161B106A009EA096 /* dynamic-accumulator.c in Sources */ = {isa = PBXBuildFile; fileRef = 0420B9FB1575431100A7B26C /* dynamic-accumulator.c */; };
		DB197C8F161B106A009EA096 /* accumulator.c in Sources */ = {isa = PBXBuildFile; fileRef = 041BF109154F1DA1009AE6D8 /* accumulator.c */; };
		DB197C90161B106A009EA096 /* bubblemon.c in Sources */ = {isa = PBXBuildFile; fileRef = 04DCE75D154D644700C3C4FD /* bubblemon.c */; };
		DB197C91161B106A009EA096 /* osx-meter.c in Sources */ = {isa = PBXBuildFile; fileRef = 04DCE75F154D670700C3C4FD /* osx-meter.c */; };
		DB197C92161B106E009EA096 /* BubblemonView.m in Sources */ = {isa = PBXBuildFile; fileRef = 041BF106154DAEED009AE6D8 /* BubblemonView.m */; };
		DB197C93161B117F009EA096 /* IOKit.framework in Frameworks */ = {isa = PBXBuildFile; fileRef = 0420B9FE1576A9B600A7B26C /* IOKit.framework */; };
		DB197C94161B2198009EA096 /* BubblemonView.m in Sources */ = {isa = PBXBuildFile; fileRef = 041BF106154DAEED009AE6D8 /* BubblemonView.m */; };
		DB197C95161B21AC009EA096 /* dynamic-accumulator.c in Sources */ = {isa = PBXBuildFile; fileRef = 0420B9FB1575431100A7B26C /* dynamic-accumulator.c */; };
		DB197C96161B21AC009EA096 /* accumulator.c in Sources */ = {isa = PBXBuildFile; fileRef = 041BF109154F1DA1009AE6D8 /* accumulator.c */; };
		DB197C97161B21AC009EA096 /* bubblemon.c in Sources */ = {isa = PBXBuildFile; fileRef = 04DCE75D154D644700C3C4FD /* bubblemon.c */; };
		DB197C98161B21AC009EA096 /* osx-meter.c in Sources */ = {isa = PBXBuildFile; fileRef = 04DCE75F154D670700C3C4FD /* osx-meter.c */; };
		DB197CBF161B239A009EA096 /* InfoPlist.strings in Resources */ = {isa = PBXBuildFile; fileRef = DB197CBD161B239A009EA096 /* InfoPlist.strings */; };
		DB197CC5161B239A009EA096 /* Credits.rtf in Resources */ = {isa = PBXBuildFile; fileRef = DB197CC3161B239A009EA096 /* Credits.rtf */; };
		DB197CC8161B239A009EA096 /* AppDelegate.swift in Sources */ = {isa = PBXBuildFile; fileRef = DB197CC7161B239A009EA096 /* AppDelegate.swift */; };
		DB197CCB161B239A009EA096 /* MainMenu.xib in Resources */ = {isa = PBXBuildFile; fileRef = DB197CC9161B239A009EA096 /* MainMenu.xib */; };
		DB197CCF161B23A6009EA096 /* dynamic-accumulator.c in Sources */ = {isa = PBXBuildFile; fileRef = 0420B9FB1575431100A7B26C /* dynamic-accumulator.c */; };
		DB197CD0161B23A6009EA096 /* accumulator.c in Sources */ = {isa = PBXBuildFile; fileRef = 041BF109154F1DA1009AE6D8 /* accumulator.c */; };
		DB197CD1161B23A6009EA096 /* bubblemon.c in Sources */ = {isa = PBXBuildFile; fileRef = 04DCE75D154D644700C3C4FD /* bubblemon.c */; };
		DB197CD2161B23A6009EA096 /* osx-meter.c in Sources */ = {isa = PBXBuildFile; fileRef = 04DCE75F154D670700C3C4FD /* osx-meter.c */; };
		DB197CD3161B23A6009EA096 /* BubblemonView.m in Sources */ = {isa = PBXBuildFile; fileRef = 041BF106154DAEED009AE6D8 /* BubblemonView.m */; };
		DBA6DF6B19F784DC00A0B2E6 /* IOKit.framework in Frameworks */ = {isa = PBXBuildFile; fileRef = 0420B9FE1576A9B600A7B26C /* IOKit.framework */; };
/* End PBXBuildFile section */

/* Begin PBXContainerItemProxy section */
		DB197C82161B0ECB009EA096 /* PBXContainerItemProxy */ = {
			isa = PBXContainerItemProxy;
			containerPortal = 04E3648F154D613F002BC8DD /* Project object */;
			proxyType = 1;
			remoteGlobalIDString = DB197C74161B0EB4009EA096;
			remoteInfo = "Bubblemon Dock Tile Plugin";
		};
/* End PBXContainerItemProxy section */

/* Begin PBXCopyFilesBuildPhase section */
		DB197C84161B0ED3009EA096 /* CopyFiles */ = {
			isa = PBXCopyFilesBuildPhase;
			buildActionMask = 2147483647;
			dstPath = Contents/PlugIns;
			dstSubfolderSpec = 1;
			files = (
				DB197C85161B0EE7009EA096 /* Bubblemon Dock Tile Plugin.docktileplugin in CopyFiles */,
			);
			runOnlyForDeploymentPostprocessing = 0;
		};
/* End PBXCopyFilesBuildPhase section */

/* Begin PBXFileReference section */
		041BF105154DAEED009AE6D8 /* BubblemonView.h */ = {isa = PBXFileReference; fileEncoding = 4; lastKnownFileType = sourcecode.c.h; path = BubblemonView.h; sourceTree = "<group>"; };
		041BF106154DAEED009AE6D8 /* BubblemonView.m */ = {isa = PBXFileReference; fileEncoding = 4; lastKnownFileType = sourcecode.c.objc; path = BubblemonView.m; sourceTree = "<group>"; };
		041BF109154F1DA1009AE6D8 /* accumulator.c */ = {isa = PBXFileReference; lastKnownFileType = sourcecode.c.c; name = accumulator.c; path = ../src/accumulator.c; sourceTree = "<group>"; };
		0420B9FB1575431100A7B26C /* dynamic-accumulator.c */ = {isa = PBXFileReference; lastKnownFileType = sourcecode.c.c; name = "dynamic-accumulator.c"; path = "../src/dynamic-accumulator.c"; sourceTree = "<group>"; };
		0420B9FE1576A9B600A7B26C /* IOKit.framework */ = {isa = PBXFileReference; lastKnownFileType = wrapper.framework; name = IOKit.framework; path = System/Library/Frameworks/IOKit.framework; sourceTree = SDKROOT; };
		047776D91D8D83E30042312F /* icon.png.icns */ = {isa = PBXFileReference; lastKnownFileType = image.icns; name = icon.png.icns; path = ../pixmaps/icon.png.icns; sourceTree = "<group>"; };
		047776DC1D8F03910042312F /* icon.png */ = {isa = PBXFileReference; lastKnownFileType = image.png; name = icon.png; path = ../pixmaps/icon.png; sourceTree = "<group>"; };
		0483188316218F5400B4E13F /* window-frame.png */ = {isa = PBXFileReference; lastKnownFileType = image.png; path = "window-frame.png"; sourceTree = "<group>"; };
		04DCE75D154D644700C3C4FD /* bubblemon.c */ = {isa = PBXFileReference; lastKnownFileType = sourcecode.c.c; name = bubblemon.c; path = ../src/bubblemon.c; sourceTree = "<group>"; };
		04DCE75F154D670700C3C4FD /* osx-meter.c */ = {isa = PBXFileReference; fileEncoding = 4; lastKnownFileType = sourcecode.c.c; path = "osx-meter.c"; sourceTree = "<group>"; };
		04E36498154D613F002BC8DD /* Bubblemon.app */ = {isa = PBXFileReference; explicitFileType = wrapper.application; includeInIndex = 0; path = Bubblemon.app; sourceTree = BUILT_PRODUCTS_DIR; };
		04E3649C154D613F002BC8DD /* Cocoa.framework */ = {isa = PBXFileReference; lastKnownFileType = wrapper.framework; name = Cocoa.framework; path = System/Library/Frameworks/Cocoa.framework; sourceTree = SDKROOT; };
		04E3649F154D613F002BC8DD /* AppKit.framework */ = {isa = PBXFileReference; lastKnownFileType = wrapper.framework; name = AppKit.framework; path = System/Library/Frameworks/AppKit.framework; sourceTree = SDKROOT; };
		04E364A0154D613F002BC8DD /* CoreData.framework */ = {isa = PBXFileReference; lastKnownFileType = wrapper.framework; name = CoreData.framework; path = System/Library/Frameworks/CoreData.framework; sourceTree = SDKROOT; };
		04E364A1154D613F002BC8DD /* Foundation.framework */ = {isa = PBXFileReference; lastKnownFileType = wrapper.framework; name = Foundation.framework; path = System/Library/Frameworks/Foundation.framework; sourceTree = SDKROOT; };
		04E364A4154D613F002BC8DD /* bubblemon-Info.plist */ = {isa = PBXFileReference; lastKnownFileType = text.plist.xml; path = "bubblemon-Info.plist"; sourceTree = "<group>"; };
		04E364A6154D613F002BC8DD /* en */ = {isa = PBXFileReference; lastKnownFileType = text.plist.strings; name = en; path = en.lproj/InfoPlist.strings; sourceTree = "<group>"; };
		04E364A8154D613F002BC8DD /* main.swift */ = {isa = PBXFileReference; lastKnownFileType = sourcecode.swift; path = main.swift; sourceTree = "<group>"; };
		04E364AA154D613F002BC8DD /* bubblemon-Prefix.pch */ = {isa = PBXFileReference; lastKnownFileType = sourcecode.c.h; path = "bubblemon-Prefix.pch"; sourceTree = "<group>"; };
		04E364AC154D613F002BC8DD /* en */ = {isa = PBXFileReference; lastKnownFileType = text.rtf; name = en; path = en.lproj/Credits.rtf; sourceTree = "<group>"; };
		04E364AE154D613F002BC8DD /* AppDelegate.swift */ = {isa = PBXFileReference; lastKnownFileType = sourcecode.swift; path = AppDelegate.swift; sourceTree = "<group>"; };
		DB197C75161B0EB4009EA096 /* Bubblemon Dock Tile Plugin.docktileplugin */ = {isa = PBXFileReference; explicitFileType = wrapper.cfbundle; includeInIndex = 0; path = "Bubblemon Dock Tile Plugin.docktileplugin"; sourceTree = BUILT_PRODUCTS_DIR; };
		DB197C79161B0EB4009EA096 /* Bubblemon Dock Tile Plugin-Info.plist */ = {isa = PBXFileReference; lastKnownFileType = text.plist.xml; path = "Bubblemon Dock Tile Plugin-Info.plist"; sourceTree = "<group>"; };
		DB197C7B161B0EB4009EA096 /* en */ = {isa = PBXFileReference; lastKnownFileType = text.plist.strings; name = en; path = en.lproj/InfoPlist.strings; sourceTree = "<group>"; };
		DB197C7D161B0EB4009EA096 /* Bubblemon Dock Tile Plugin-Prefix.pch */ = {isa = PBXFileReference; lastKnownFileType = sourcecode.c.h; path = "Bubblemon Dock Tile Plugin-Prefix.pch"; sourceTree = "<group>"; };
		DB197CB7161B239A009EA096 /* BubblemonWindow.app */ = {isa = PBXFileReference; explicitFileType = wrapper.application; includeInIndex = 0; path = BubblemonWindow.app; sourceTree = BUILT_PRODUCTS_DIR; };
		DB197CBC161B239A009EA096 /* BubblemonWindow-Info.plist */ = {isa = PBXFileReference; lastKnownFileType = text.plist.xml; path = "BubblemonWindow-Info.plist"; sourceTree = "<group>"; };
		DB197CBE161B239A009EA096 /* en */ = {isa = PBXFileReference; lastKnownFileType = text.plist.strings; name = en; path = en.lproj/InfoPlist.strings; sourceTree = "<group>"; };
		DB197CC2161B239A009EA096 /* BubblemonWindow-Prefix.pch */ = {isa = PBXFileReference; lastKnownFileType = sourcecode.c.h; path = "BubblemonWindow-Prefix.pch"; sourceTree = "<group>"; };
		DB197CC4161B239A009EA096 /* en */ = {isa = PBXFileReference; lastKnownFileType = text.rtf; name = en; path = en.lproj/Credits.rtf; sourceTree = "<group>"; };
		DB197CC7161B239A009EA096 /* AppDelegate.swift */ = {isa = PBXFileReference; lastKnownFileType = sourcecode.swift; path = AppDelegate.swift; sourceTree = "<group>"; };
		DB197CCA161B239A009EA096 /* en */ = {isa = PBXFileReference; lastKnownFileType = file.xib; name = en; path = en.lproj/MainMenu.xib; sourceTree = "<group>"; };
		DB7C5EED1F5E749E00CE84F2 /* libswiftAppKit.tbd */ = {isa = PBXFileReference; lastKnownFileType = "sourcecode.text-based-dylib-definition"; name = libswiftAppKit.tbd; path = System/Library/PrivateFrameworks/Swift/libswiftAppKit.tbd; sourceTree = SDKROOT; };
/* End PBXFileReference section */

/* Begin PBXFrameworksBuildPhase section */
		04E36495154D613F002BC8DD /* Frameworks */ = {
			isa = PBXFrameworksBuildPhase;
			buildActionMask = 2147483647;
			files = (
				DBA6DF6B19F784DC00A0B2E6 /* IOKit.framework in Frameworks */,
				04E3649D154D613F002BC8DD /* Cocoa.framework in Frameworks */,
			);
			runOnlyForDeploymentPostprocessing = 0;
		};
		DB197C72161B0EB4009EA096 /* Frameworks */ = {
			isa = PBXFrameworksBuildPhase;
			buildActionMask = 2147483647;
			files = (
				DB197C93161B117F009EA096 /* IOKit.framework in Frameworks */,
				DB197C76161B0EB4009EA096 /* Cocoa.framework in Frameworks */,
			);
			runOnlyForDeploymentPostprocessing = 0;
		};
		DB197CB4161B239A009EA096 /* Frameworks */ = {
			isa = PBXFrameworksBuildPhase;
			buildActionMask = 2147483647;
			files = (
			);
			runOnlyForDeploymentPostprocessing = 0;
		};
/* End PBXFrameworksBuildPhase section */

/* Begin PBXGroup section */
		04E3648D154D613F002BC8DD = {
			isa = PBXGroup;
			children = (
				047776DC1D8F03910042312F /* icon.png */,
				047776D91D8D83E30042312F /* icon.png.icns */,
				0483188316218F5400B4E13F /* window-frame.png */,
				0420B9FB1575431100A7B26C /* dynamic-accumulator.c */,
				041BF109154F1DA1009AE6D8 /* accumulator.c */,
				04DCE75D154D644700C3C4FD /* bubblemon.c */,
				04DCE75F154D670700C3C4FD /* osx-meter.c */,
				041BF105154DAEED009AE6D8 /* BubblemonView.h */,
				041BF106154DAEED009AE6D8 /* BubblemonView.m */,
				04E364A2154D613F002BC8DD /* bubblemon */,
				DB197C77161B0EB4009EA096 /* Bubblemon Dock Tile Plugin */,
				DB197CBA161B239A009EA096 /* BubblemonWindow */,
				04E3649B154D613F002BC8DD /* Frameworks */,
				04E36499154D613F002BC8DD /* Products */,
			);
			sourceTree = "<group>";
		};
		04E36499154D613F002BC8DD /* Products */ = {
			isa = PBXGroup;
			children = (
				04E36498154D613F002BC8DD /* Bubblemon.app */,
				DB197C75161B0EB4009EA096 /* Bubblemon Dock Tile Plugin.docktileplugin */,
				DB197CB7161B239A009EA096 /* BubblemonWindow.app */,
			);
			name = Products;
			sourceTree = "<group>";
		};
		04E3649B154D613F002BC8DD /* Frameworks */ = {
			isa = PBXGroup;
			children = (
				DB7C5EED1F5E749E00CE84F2 /* libswiftAppKit.tbd */,
				04E3649C154D613F002BC8DD /* Cocoa.framework */,
				04E3649E154D613F002BC8DD /* Other Frameworks */,
			);
			name = Frameworks;
			sourceTree = "<group>";
		};
		04E3649E154D613F002BC8DD /* Other Frameworks */ = {
			isa = PBXGroup;
			children = (
				0420B9FE1576A9B600A7B26C /* IOKit.framework */,
				04E3649F154D613F002BC8DD /* AppKit.framework */,
				04E364A0154D613F002BC8DD /* CoreData.framework */,
				04E364A1154D613F002BC8DD /* Foundation.framework */,
			);
			name = "Other Frameworks";
			sourceTree = "<group>";
		};
		04E364A2154D613F002BC8DD /* bubblemon */ = {
			isa = PBXGroup;
			children = (
				04E364AE154D613F002BC8DD /* AppDelegate.swift */,
				04E364A3154D613F002BC8DD /* Supporting Files */,
			);
			path = bubblemon;
			sourceTree = "<group>";
		};
		04E364A3154D613F002BC8DD /* Supporting Files */ = {
			isa = PBXGroup;
			children = (
				04E364A4154D613F002BC8DD /* bubblemon-Info.plist */,
				04E364A5154D613F002BC8DD /* InfoPlist.strings */,
				04E364A8154D613F002BC8DD /* main.swift */,
				04E364AA154D613F002BC8DD /* bubblemon-Prefix.pch */,
				04E364AB154D613F002BC8DD /* Credits.rtf */,
			);
			name = "Supporting Files";
			sourceTree = "<group>";
		};
		DB197C77161B0EB4009EA096 /* Bubblemon Dock Tile Plugin */ = {
			isa = PBXGroup;
			children = (
				DB197C78161B0EB4009EA096 /* Supporting Files */,
			);
			path = "Bubblemon Dock Tile Plugin";
			sourceTree = "<group>";
		};
		DB197C78161B0EB4009EA096 /* Supporting Files */ = {
			isa = PBXGroup;
			children = (
				DB197C79161B0EB4009EA096 /* Bubblemon Dock Tile Plugin-Info.plist */,
				DB197C7A161B0EB4009EA096 /* InfoPlist.strings */,
				DB197C7D161B0EB4009EA096 /* Bubblemon Dock Tile Plugin-Prefix.pch */,
			);
			name = "Supporting Files";
			sourceTree = "<group>";
		};
		DB197CBA161B239A009EA096 /* BubblemonWindow */ = {
			isa = PBXGroup;
			children = (
				DB197CC7161B239A009EA096 /* AppDelegate.swift */,
				DB197CC9161B239A009EA096 /* MainMenu.xib */,
				DB197CBB161B239A009EA096 /* Supporting Files */,
			);
			path = BubblemonWindow;
			sourceTree = "<group>";
		};
		DB197CBB161B239A009EA096 /* Supporting Files */ = {
			isa = PBXGroup;
			children = (
				DB197CBC161B239A009EA096 /* BubblemonWindow-Info.plist */,
				DB197CBD161B239A009EA096 /* InfoPlist.strings */,
				DB197CC2161B239A009EA096 /* BubblemonWindow-Prefix.pch */,
				DB197CC3161B239A009EA096 /* Credits.rtf */,
			);
			name = "Supporting Files";
			sourceTree = "<group>";
		};
/* End PBXGroup section */

/* Begin PBXNativeTarget section */
		04E36497154D613F002BC8DD /* Bubblemon */ = {
			isa = PBXNativeTarget;
			buildConfigurationList = 04E364B6154D613F002BC8DD /* Build configuration list for PBXNativeTarget "Bubblemon" */;
			buildPhases = (
				04E36494154D613F002BC8DD /* Sources */,
				04E36495154D613F002BC8DD /* Frameworks */,
				04E36496154D613F002BC8DD /* Resources */,
				DBB0A7FF19E66EF2006103D8 /* ShellScript */,
				DBB0A7FE19E66797006103D8 /* ShellScript */,
				DB197C84161B0ED3009EA096 /* CopyFiles */,
				DBB0A7FD19E57BCE006103D8 /* ShellScript */,
			);
			buildRules = (
			);
			dependencies = (
				DB197C83161B0ECB009EA096 /* PBXTargetDependency */,
			);
			name = Bubblemon;
			productName = bubblemon;
			productReference = 04E36498154D613F002BC8DD /* Bubblemon.app */;
			productType = "com.apple.product-type.application";
		};
		DB197C74161B0EB4009EA096 /* Bubblemon Dock Tile Plugin */ = {
			isa = PBXNativeTarget;
			buildConfigurationList = DB197C80161B0EB4009EA096 /* Build configuration list for PBXNativeTarget "Bubblemon Dock Tile Plugin" */;
			buildPhases = (
				DB197C71161B0EB4009EA096 /* Sources */,
				DB197C72161B0EB4009EA096 /* Frameworks */,
				DB197C73161B0EB4009EA096 /* Resources */,
				DBB0A7FB19E56BDA006103D8 /* ShellScript */,
			);
			buildRules = (
			);
			dependencies = (
			);
			name = "Bubblemon Dock Tile Plugin";
			productName = "Bubblemon Dock Tile Plugin";
			productReference = DB197C75161B0EB4009EA096 /* Bubblemon Dock Tile Plugin.docktileplugin */;
			productType = "com.apple.product-type.bundle";
		};
		DB197CB6161B239A009EA096 /* BubblemonWindow */ = {
			isa = PBXNativeTarget;
			buildConfigurationList = DB197CCC161B239A009EA096 /* Build configuration list for PBXNativeTarget "BubblemonWindow" */;
			buildPhases = (
				DB197CB3161B239A009EA096 /* Sources */,
				DB197CB4161B239A009EA096 /* Frameworks */,
				DB197CB5161B239A009EA096 /* Resources */,
			);
			buildRules = (
			);
			dependencies = (
			);
			name = BubblemonWindow;
			productName = BubblemonWindow;
			productReference = DB197CB7161B239A009EA096 /* BubblemonWindow.app */;
			productType = "com.apple.product-type.application";
		};
/* End PBXNativeTarget section */

/* Begin PBXProject section */
		04E3648F154D613F002BC8DD /* Project object */ = {
			isa = PBXProject;
			attributes = {
				LastUpgradeCheck = 0830;
				TargetAttributes = {
					DB197CB6161B239A009EA096 = {
						LastSwiftMigration = 0830;
					};
				};
			};
			buildConfigurationList = 04E36492154D613F002BC8DD /* Build configuration list for PBXProject "bubblemon" */;
			compatibilityVersion = "Xcode 8.0";
			developmentRegion = English;
			hasScannedForEncodings = 0;
			knownRegions = (
				en,
			);
			mainGroup = 04E3648D154D613F002BC8DD;
			productRefGroup = 04E36499154D613F002BC8DD /* Products */;
			projectDirPath = "";
			projectRoot = "";
			targets = (
				04E36497154D613F002BC8DD /* Bubblemon */,
				DB197C74161B0EB4009EA096 /* Bubblemon Dock Tile Plugin */,
				DB197CB6161B239A009EA096 /* BubblemonWindow */,
			);
		};
/* End PBXProject section */

/* Begin PBXResourcesBuildPhase section */
		04E36496154D613F002BC8DD /* Resources */ = {
			isa = PBXResourcesBuildPhase;
			buildActionMask = 2147483647;
			files = (
				047776DB1D8E2EE80042312F /* icon.png.icns in Resources */,
				047776DD1D8F03910042312F /* icon.png in Resources */,
				0483188516218FE500B4E13F /* window-frame.png in Resources */,
				04E364A7154D613F002BC8DD /* InfoPlist.strings in Resources */,
				04E364AD154D613F002BC8DD /* Credits.rtf in Resources */,
			);
			runOnlyForDeploymentPostprocessing = 0;
		};
		DB197C73161B0EB4009EA096 /* Resources */ = {
			isa = PBXResourcesBuildPhase;
			buildActionMask = 2147483647;
			files = (
				047776DE1D8F03B80042312F /* icon.png in Resources */,
				047776DA1D8D83E30042312F /* icon.png.icns in Resources */,
				04831887162200F700B4E13F /* window-frame.png in Resources */,
				DB197C7C161B0EB4009EA096 /* InfoPlist.strings in Resources */,
			);
			runOnlyForDeploymentPostprocessing = 0;
		};
		DB197CB5161B239A009EA096 /* Resources */ = {
			isa = PBXResourcesBuildPhase;
			buildActionMask = 2147483647;
			files = (
				048318861621FFAE00B4E13F /* window-frame.png in Resources */,
				DB197CBF161B239A009EA096 /* InfoPlist.strings in Resources */,
				DB197CC5161B239A009EA096 /* Credits.rtf in Resources */,
				DB197CCB161B239A009EA096 /* MainMenu.xib in Resources */,
			);
			runOnlyForDeploymentPostprocessing = 0;
		};
/* End PBXResourcesBuildPhase section */

/* Begin PBXShellScriptBuildPhase section */
		DBB0A7FB19E56BDA006103D8 /* ShellScript */ = {
			isa = PBXShellScriptBuildPhase;
			buildActionMask = 2147483647;
			files = (
			);
			inputPaths = (
			);
			outputPaths = (
			);
			runOnlyForDeploymentPostprocessing = 0;
			shellPath = /bin/bash;
			shellScript = "set -x\n\nGITHASH=$(git rev-parse --verify --short=8 HEAD)\nGITDESCRIBE=$(git describe --match='osx-*' --dirty| sed 's/^osx-//')\n\nINFO_PLIST=\"${TARGET_BUILD_DIR}/${INFOPLIST_PATH}\"\n\n/usr/libexec/PlistBuddy -c \"Add :GitHash string $GITHASH\" \"$INFO_PLIST\" ||\n  /usr/libexec/PlistBuddy -c \"Set :GitHash $GITHASH\" \"$INFO_PLIST\"\n\n/usr/libexec/PlistBuddy -c \"Add :GitDescribe string $GITDESCRIBE\" \"$INFO_PLIST\" ||\n  /usr/libexec/PlistBuddy -c \"Set :GitDescribe $GITDESCRIBE\" \"$INFO_PLIST\"\n";
		};
		DBB0A7FD19E57BCE006103D8 /* ShellScript */ = {
			isa = PBXShellScriptBuildPhase;
			buildActionMask = 2147483647;
			files = (
			);
			inputPaths = (
			);
			outputPaths = (
			);
			runOnlyForDeploymentPostprocessing = 0;
			shellPath = /bin/bash;
			shellScript = "# Create a .zip in ~/Downloads for release builds\n\nset -e\nset -x\n\nif [ \"${CONFIGURATION}\" != \"Release\" ]; then\n  echo \"NOTE: Only release builds get packaged, bailing\"\n  exit 0\nfi\n\nif [ -n \"$(git status --porcelain)\" ]; then\n  echo \"ERROR: There are uncommitted changes, do a Debug build or clean up\"\n  exit 1\nfi\n\nVERSION_NAME=$(git describe --match='osx-*' --dirty | sed 's/^osx-//')\nTAG=\"bubblemon-osx-${VERSION_NAME}\"\nZIPDIR=\"${HOME}/Downloads\"\nZIPNAME=\"${TAG}.zip\"\n\n# The symlinking is to make unpacking bubblemon-osx-1234.zip create\n# bubblemon-osx-1234/Bubblemon.app rather than just Bubblemon.app.\n# We assume Info-ZIP here which treats the directory symlinks as if\n# it was just a directory.\ncd \"${TARGET_BUILD_DIR}\"\nrm -f \"${ZIPDIR}/${ZIPNAME}\" \"${TAG}\"\nln -s . \"${TAG}\"\nzip -r \"${ZIPDIR}/${ZIPNAME}\" \"${TAG}/${TARGET_NAME}.app\"\n";
		};
		DBB0A7FE19E66797006103D8 /* ShellScript */ = {
			isa = PBXShellScriptBuildPhase;
			buildActionMask = 2147483647;
			files = (
			);
			inputPaths = (
			);
			outputPaths = (
			);
			runOnlyForDeploymentPostprocessing = 0;
			shellPath = /bin/bash;
			shellScript = "# Copy Copyright info from main bundle into plugin\n\nset -e\nset -x\n\nSRC_INFO_PLIST=\"${TARGET_BUILD_DIR}/${INFOPLIST_PATH}\"\nCOPYRIGHT=\"$(/usr/libexec/PlistBuddy -c 'Print :NSHumanReadableCopyright' \"${SRC_INFO_PLIST}\")\"\n\nDST_INFO_PLIST=\"${TARGET_BUILD_DIR}/Bubblemon Dock Tile Plugin.docktileplugin/Contents/Info.plist\"\n/usr/libexec/PlistBuddy -c \"Add :NSHumanReadableCopyright string \\\"$COPYRIGHT\\\"\" \"${DST_INFO_PLIST}\" ||\n  /usr/libexec/PlistBuddy -c \"Set :NSHumanReadableCopyright \\\"$COPYRIGHT\\\"\" \"${DST_INFO_PLIST}\"\n";
		};
		DBB0A7FF19E66EF2006103D8 /* ShellScript */ = {
			isa = PBXShellScriptBuildPhase;
			buildActionMask = 2147483647;
			files = (
			);
			inputPaths = (
			);
			outputPaths = (
			);
			runOnlyForDeploymentPostprocessing = 0;
			shellPath = /bin/bash;
			shellScript = "# Set Version string from git describe\n\nset -e\nset -x\n\nINFO_PLIST=\"${TARGET_BUILD_DIR}/${INFOPLIST_PATH}\"\nVERSION=$(git describe --match='osx-*' --dirty | cut -d- -f2)\n\n/usr/libexec/PlistBuddy -c \"Add :CFBundleShortVersionString string \\\"$VERSION\\\"\" \"${INFO_PLIST}\" ||\n  /usr/libexec/PlistBuddy -c \"Set :CFBundleShortVersionString \\\"$VERSION\\\"\" \"${INFO_PLIST}\"\n";
		};
/* End PBXShellScriptBuildPhase section */

/* Begin PBXSourcesBuildPhase section */
		04E36494154D613F002BC8DD /* Sources */ = {
			isa = PBXSourcesBuildPhase;
			buildActionMask = 2147483647;
			files = (
				04E364A9154D613F002BC8DD /* main.swift in Sources */,
				DB197C94161B2198009EA096 /* BubblemonView.m in Sources */,
				DB197C95161B21AC009EA096 /* dynamic-accumulator.c in Sources */,
				DB197C96161B21AC009EA096 /* accumulator.c in Sources */,
				DB197C97161B21AC009EA096 /* bubblemon.c in Sources */,
				DB197C98161B21AC009EA096 /* osx-meter.c in Sources */,
			);
			runOnlyForDeploymentPostprocessing = 0;
		};
		DB197C71161B0EB4009EA096 /* Sources */ = {
			isa = PBXSourcesBuildPhase;
			buildActionMask = 2147483647;
			files = (
				DB197C8E161B106A009EA096 /* dynamic-accumulator.c in Sources */,
				DB197C8F161B106A009EA096 /* accumulator.c in Sources */,
				DB197C90161B106A009EA096 /* bubblemon.c in Sources */,
				DB197C91161B106A009EA096 /* osx-meter.c in Sources */,
				DB197C92161B106E009EA096 /* BubblemonView.m in Sources */,
			);
			runOnlyForDeploymentPostprocessing = 0;
		};
		DB197CB3161B239A009EA096 /* Sources */ = {
			isa = PBXSourcesBuildPhase;
			buildActionMask = 2147483647;
			files = (
				DB197CC8161B239A009EA096 /* AppDelegate.swift in Sources */,
				DB197CCF161B23A6009EA096 /* dynamic-accumulator.c in Sources */,
				DB197CD0161B23A6009EA096 /* accumulator.c in Sources */,
				DB197CD1161B23A6009EA096 /* bubblemon.c in Sources */,
				DB197CD2161B23A6009EA096 /* osx-meter.c in Sources */,
				DB197CD3161B23A6009EA096 /* BubblemonView.m in Sources */,
			);
			runOnlyForDeploymentPostprocessing = 0;
		};
/* End PBXSourcesBuildPhase section */

/* Begin PBXTargetDependency section */
		DB197C83161B0ECB009EA096 /* PBXTargetDependency */ = {
			isa = PBXTargetDependency;
			target = DB197C74161B0EB4009EA096 /* Bubblemon Dock Tile Plugin */;
			targetProxy = DB197C82161B0ECB009EA096 /* PBXContainerItemProxy */;
		};
/* End PBXTargetDependency section */

/* Begin PBXVariantGroup section */
		04E364A5154D613F002BC8DD /* InfoPlist.strings */ = {
			isa = PBXVariantGroup;
			children = (
				04E364A6154D613F002BC8DD /* en */,
			);
			name = InfoPlist.strings;
			sourceTree = "<group>";
		};
		04E364AB154D613F002BC8DD /* Credits.rtf */ = {
			isa = PBXVariantGroup;
			children = (
				04E364AC154D613F002BC8DD /* en */,
			);
			name = Credits.rtf;
			sourceTree = "<group>";
		};
		DB197C7A161B0EB4009EA096 /* InfoPlist.strings */ = {
			isa = PBXVariantGroup;
			children = (
				DB197C7B161B0EB4009EA096 /* en */,
			);
			name = InfoPlist.strings;
			sourceTree = "<group>";
		};
		DB197CBD161B239A009EA096 /* InfoPlist.strings */ = {
			isa = PBXVariantGroup;
			children = (
				DB197CBE161B239A009EA096 /* en */,
			);
			name = InfoPlist.strings;
			sourceTree = "<group>";
		};
		DB197CC3161B239A009EA096 /* Credits.rtf */ = {
			isa = PBXVariantGroup;
			children = (
				DB197CC4161B239A009EA096 /* en */,
			);
			name = Credits.rtf;
			sourceTree = "<group>";
		};
		DB197CC9161B239A009EA096 /* MainMenu.xib */ = {
			isa = PBXVariantGroup;
			children = (
				DB197CCA161B239A009EA096 /* en */,
			);
			name = MainMenu.xib;
			sourceTree = "<group>";
		};
/* End PBXVariantGroup section */

/* Begin XCBuildConfiguration section */
		04E364B4154D613F002BC8DD /* Debug */ = {
			isa = XCBuildConfiguration;
			buildSettings = {
				ALWAYS_SEARCH_USER_PATHS = NO;
				CLANG_ANALYZER_SECURITY_FLOATLOOPCOUNTER = YES;
				CLANG_ANALYZER_SECURITY_INSECUREAPI_RAND = NO;
				CLANG_ANALYZER_SECURITY_INSECUREAPI_STRCPY = NO;
				CLANG_ENABLE_OBJC_ARC = YES;
				CLANG_WARN_ASSIGN_ENUM = YES;
				CLANG_WARN_BOOL_CONVERSION = YES;
				CLANG_WARN_CONSTANT_CONVERSION = YES;
				CLANG_WARN_CXX0X_EXTENSIONS = YES;
				CLANG_WARN_DEPRECATED_OBJC_IMPLEMENTATIONS = YES;
				CLANG_WARN_DOCUMENTATION_COMMENTS = YES;
				CLANG_WARN_EMPTY_BODY = YES;
				CLANG_WARN_ENUM_CONVERSION = YES;
				CLANG_WARN_INFINITE_RECURSION = YES;
				CLANG_WARN_INT_CONVERSION = YES;
				CLANG_WARN_OBJC_EXPLICIT_OWNERSHIP_TYPE = YES;
				CLANG_WARN_OBJC_IMPLICIT_RETAIN_SELF = YES;
				CLANG_WARN_OBJC_MISSING_PROPERTY_SYNTHESIS = YES;
				CLANG_WARN_OBJC_RECEIVER_WEAK = YES;
				CLANG_WARN_OBJC_REPEATED_USE_OF_WEAK = YES;
				CLANG_WARN_SUSPICIOUS_MOVE = YES;
				CLANG_WARN_UNREACHABLE_CODE = YES;
				CLANG_WARN__DUPLICATE_METHOD_MATCH = YES;
				CLANG_WARN__EXIT_TIME_DESTRUCTORS = YES;
				COPY_PHASE_STRIP = NO;
				ENABLE_STRICT_OBJC_MSGSEND = YES;
				ENABLE_TESTABILITY = YES;
				GCC_NO_COMMON_BLOCKS = YES;
				GCC_SHORT_ENUMS = YES;
				GCC_TREAT_IMPLICIT_FUNCTION_DECLARATIONS_AS_ERRORS = YES;
				GCC_TREAT_INCOMPATIBLE_POINTER_TYPE_WARNINGS_AS_ERRORS = YES;
				GCC_TREAT_WARNINGS_AS_ERRORS = YES;
				GCC_WARN_64_TO_32_BIT_CONVERSION = YES;
				GCC_WARN_ABOUT_MISSING_FIELD_INITIALIZERS = YES;
				GCC_WARN_ABOUT_MISSING_NEWLINE = YES;
				GCC_WARN_ABOUT_MISSING_PROTOTYPES = YES;
				GCC_WARN_ABOUT_RETURN_TYPE = YES_ERROR;
				GCC_WARN_FOUR_CHARACTER_CONSTANTS = YES;
				GCC_WARN_HIDDEN_VIRTUAL_FUNCTIONS = YES;
				GCC_WARN_INITIALIZER_NOT_FULLY_BRACKETED = YES;
				GCC_WARN_MULTIPLE_DEFINITION_TYPES_FOR_SELECTOR = YES;
				GCC_WARN_NON_VIRTUAL_DESTRUCTOR = YES;
				GCC_WARN_SHADOW = YES;
				GCC_WARN_SIGN_COMPARE = YES;
				GCC_WARN_STRICT_SELECTOR_MATCH = YES;
				GCC_WARN_UNDECLARED_SELECTOR = YES;
				GCC_WARN_UNINITIALIZED_AUTOS = YES_AGGRESSIVE;
				GCC_WARN_UNUSED_FUNCTION = YES;
				GCC_WARN_UNUSED_LABEL = YES;
				GCC_WARN_UNUSED_VARIABLE = YES;
				MACOSX_DEPLOYMENT_TARGET = 10.9;
				ONLY_ACTIVE_ARCH = YES;
				SDKROOT = macosx;
				WARNING_CFLAGS = (
					"-Weverything",
					"-Wno-padded",
					"-Wno-direct-ivar-access",
					"-Wno-cast-align",
					"-Wno-float-equal",
					"-Wno-double-promotion",
				);
			};
			name = Debug;
		};
		04E364B5154D613F002BC8DD /* Release */ = {
			isa = XCBuildConfiguration;
			buildSettings = {
				ALWAYS_SEARCH_USER_PATHS = NO;
				CLANG_ANALYZER_SECURITY_FLOATLOOPCOUNTER = YES;
				CLANG_ANALYZER_SECURITY_INSECUREAPI_RAND = NO;
				CLANG_ANALYZER_SECURITY_INSECUREAPI_STRCPY = NO;
				CLANG_ENABLE_OBJC_ARC = YES;
				CLANG_WARN_ASSIGN_ENUM = YES;
				CLANG_WARN_BOOL_CONVERSION = YES;
				CLANG_WARN_CONSTANT_CONVERSION = YES;
				CLANG_WARN_CXX0X_EXTENSIONS = YES;
				CLANG_WARN_DEPRECATED_OBJC_IMPLEMENTATIONS = YES;
				CLANG_WARN_DOCUMENTATION_COMMENTS = YES;
				CLANG_WARN_EMPTY_BODY = YES;
				CLANG_WARN_ENUM_CONVERSION = YES;
				CLANG_WARN_INFINITE_RECURSION = YES;
				CLANG_WARN_INT_CONVERSION = YES;
				CLANG_WARN_OBJC_EXPLICIT_OWNERSHIP_TYPE = YES;
				CLANG_WARN_OBJC_IMPLICIT_RETAIN_SELF = YES;
				CLANG_WARN_OBJC_MISSING_PROPERTY_SYNTHESIS = YES;
				CLANG_WARN_OBJC_RECEIVER_WEAK = YES;
				CLANG_WARN_OBJC_REPEATED_USE_OF_WEAK = YES;
				CLANG_WARN_SUSPICIOUS_MOVE = YES;
				CLANG_WARN_UNREACHABLE_CODE = YES;
				CLANG_WARN__DUPLICATE_METHOD_MATCH = YES;
				CLANG_WARN__EXIT_TIME_DESTRUCTORS = YES;
				COPY_PHASE_STRIP = YES;
				DEBUG_INFORMATION_FORMAT = "dwarf-with-dsym";
				ENABLE_STRICT_OBJC_MSGSEND = YES;
				GCC_NO_COMMON_BLOCKS = YES;
				GCC_SHORT_ENUMS = YES;
				GCC_TREAT_IMPLICIT_FUNCTION_DECLARATIONS_AS_ERRORS = YES;
				GCC_TREAT_INCOMPATIBLE_POINTER_TYPE_WARNINGS_AS_ERRORS = YES;
				GCC_TREAT_WARNINGS_AS_ERRORS = YES;
				GCC_WARN_64_TO_32_BIT_CONVERSION = YES;
				GCC_WARN_ABOUT_MISSING_FIELD_INITIALIZERS = YES;
				GCC_WARN_ABOUT_MISSING_NEWLINE = YES;
				GCC_WARN_ABOUT_MISSING_PROTOTYPES = YES;
				GCC_WARN_ABOUT_RETURN_TYPE = YES_ERROR;
				GCC_WARN_FOUR_CHARACTER_CONSTANTS = YES;
				GCC_WARN_HIDDEN_VIRTUAL_FUNCTIONS = YES;
				GCC_WARN_INITIALIZER_NOT_FULLY_BRACKETED = YES;
				GCC_WARN_MULTIPLE_DEFINITION_TYPES_FOR_SELECTOR = YES;
				GCC_WARN_NON_VIRTUAL_DESTRUCTOR = YES;
				GCC_WARN_SHADOW = YES;
				GCC_WARN_SIGN_COMPARE = YES;
				GCC_WARN_STRICT_SELECTOR_MATCH = YES;
				GCC_WARN_UNDECLARED_SELECTOR = YES;
				GCC_WARN_UNINITIALIZED_AUTOS = YES_AGGRESSIVE;
				GCC_WARN_UNUSED_FUNCTION = YES;
				GCC_WARN_UNUSED_LABEL = YES;
				GCC_WARN_UNUSED_VARIABLE = YES;
				MACOSX_DEPLOYMENT_TARGET = 10.9;
				SDKROOT = macosx;
				WARNING_CFLAGS = (
					"-Weverything",
					"-Wno-padded",
					"-Wno-direct-ivar-access",
					"-Wno-cast-align",
					"-Wno-float-equal",
					"-Wno-double-promotion",
				);
			};
			name = Release;
		};
		04E364B7154D613F002BC8DD /* Debug */ = {
			isa = XCBuildConfiguration;
			buildSettings = {
				ALWAYS_SEARCH_USER_PATHS = YES;
				CLANG_ENABLE_OBJC_ARC = YES;
				COMBINE_HIDPI_IMAGES = YES;
				"HEADER_SEARCH_PATHS[arch=*]" = ../src;
				INFOPLIST_FILE = "bubblemon/bubblemon-Info.plist";
				LD_RUNPATH_SEARCH_PATHS = "@executable_path/../Frameworks";
				MACOSX_DEPLOYMENT_TARGET = 10.9;
				PRODUCT_BUNDLE_IDENTIFIER = "com.gmail.walles.johan.${PRODUCT_NAME:rfc1034identifier}";
				PRODUCT_NAME = "$(TARGET_NAME)";
				RUN_CLANG_STATIC_ANALYZER = YES;
				SWIFT_OPTIMIZATION_LEVEL = "-Onone";
				SWIFT_TREAT_WARNINGS_AS_ERRORS = YES;
				SWIFT_VERSION = 3.0;
				WRAPPER_EXTENSION = app;
			};
			name = Debug;
		};
		04E364B8154D613F002BC8DD /* Release */ = {
			isa = XCBuildConfiguration;
			buildSettings = {
				ALWAYS_SEARCH_USER_PATHS = YES;
				CLANG_ENABLE_OBJC_ARC = YES;
				COMBINE_HIDPI_IMAGES = YES;
				"HEADER_SEARCH_PATHS[arch=*]" = ../src;
				INFOPLIST_FILE = "bubblemon/bubblemon-Info.plist";
				LD_RUNPATH_SEARCH_PATHS = "@executable_path/../Frameworks";
				MACOSX_DEPLOYMENT_TARGET = 10.9;
				PRODUCT_BUNDLE_IDENTIFIER = "com.gmail.walles.johan.${PRODUCT_NAME:rfc1034identifier}";
				PRODUCT_NAME = "$(TARGET_NAME)";
				RUN_CLANG_STATIC_ANALYZER = YES;
				SWIFT_OPTIMIZATION_LEVEL = "-Owholemodule";
				SWIFT_TREAT_WARNINGS_AS_ERRORS = YES;
				SWIFT_VERSION = 3.0;
				WRAPPER_EXTENSION = app;
			};
			name = Release;
		};
		DB197C7E161B0EB4009EA096 /* Debug */ = {
			isa = XCBuildConfiguration;
			buildSettings = {
				ALWAYS_SEARCH_USER_PATHS = YES;
				CLANG_CXX_LANGUAGE_STANDARD = "gnu++0x";
				CLANG_ENABLE_OBJC_ARC = YES;
				COMBINE_HIDPI_IMAGES = YES;
				HEADER_SEARCH_PATHS = ../src;
				INFOPLIST_FILE = "Bubblemon Dock Tile Plugin/Bubblemon Dock Tile Plugin-Info.plist";
				INSTALL_PATH = "$(LOCAL_LIBRARY_DIR)/Bundles";
				PRODUCT_BUNDLE_IDENTIFIER = "com.gmail.walles.johan.${PRODUCT_NAME:rfc1034identifier}";
				PRODUCT_NAME = "$(TARGET_NAME)";
				USER_HEADER_SEARCH_PATHS = /System/Library/Frameworks/IOKit.framework/Headers;
				WRAPPER_EXTENSION = docktileplugin;
			};
			name = Debug;
		};
		DB197C7F161B0EB4009EA096 /* Release */ = {
			isa = XCBuildConfiguration;
			buildSettings = {
				ALWAYS_SEARCH_USER_PATHS = YES;
				CLANG_CXX_LANGUAGE_STANDARD = "gnu++0x";
				CLANG_ENABLE_OBJC_ARC = YES;
				COMBINE_HIDPI_IMAGES = YES;
				HEADER_SEARCH_PATHS = ../src;
				INFOPLIST_FILE = "Bubblemon Dock Tile Plugin/Bubblemon Dock Tile Plugin-Info.plist";
				INSTALL_PATH = "$(LOCAL_LIBRARY_DIR)/Bundles";
				PRODUCT_BUNDLE_IDENTIFIER = "com.gmail.walles.johan.${PRODUCT_NAME:rfc1034identifier}";
				PRODUCT_NAME = "$(TARGET_NAME)";
				USER_HEADER_SEARCH_PATHS = /System/Library/Frameworks/IOKit.framework/Headers;
				WRAPPER_EXTENSION = docktileplugin;
			};
			name = Release;
		};
		DB197CCD161B239A009EA096 /* Debug */ = {
			isa = XCBuildConfiguration;
			buildSettings = {
				ALWAYS_SEARCH_USER_PATHS = YES;
				CLANG_CXX_LANGUAGE_STANDARD = "gnu++0x";
				CLANG_ENABLE_OBJC_ARC = YES;
				COMBINE_HIDPI_IMAGES = YES;
				HEADER_SEARCH_PATHS = ../src;
				INFOPLIST_FILE = "BubblemonWindow/BubblemonWindow-Info.plist";
				LD_RUNPATH_SEARCH_PATHS = "@executable_path/../Frameworks";
				LIBRARY_SEARCH_PATHS = "$(inherited)";
				PRODUCT_BUNDLE_IDENTIFIER = "com.gmail.walles.johan.${PRODUCT_NAME:rfc1034identifier}";
				PRODUCT_NAME = "$(TARGET_NAME)";
				SWIFT_OPTIMIZATION_LEVEL = "-Onone";
				SWIFT_TREAT_WARNINGS_AS_ERRORS = YES;
				SWIFT_VERSION = 3.0;
				USER_HEADER_SEARCH_PATHS = /System/Library/Frameworks/IOKit.framework/Headers;
				WRAPPER_EXTENSION = app;
			};
			name = Debug;
		};
		DB197CCE161B239A009EA096 /* Release */ = {
			isa = XCBuildConfiguration;
			buildSettings = {
				ALWAYS_SEARCH_USER_PATHS = YES;
				CLANG_CXX_LANGUAGE_STANDARD = "gnu++0x";
				CLANG_ENABLE_OBJC_ARC = YES;
				COMBINE_HIDPI_IMAGES = YES;
				HEADER_SEARCH_PATHS = ../src;
				INFOPLIST_FILE = "BubblemonWindow/BubblemonWindow-Info.plist";
				LD_RUNPATH_SEARCH_PATHS = "@executable_path/../Frameworks";
				LIBRARY_SEARCH_PATHS = "$(inherited)";
				PRODUCT_BUNDLE_IDENTIFIER = "com.gmail.walles.johan.${PRODUCT_NAME:rfc1034identifier}";
				PRODUCT_NAME = "$(TARGET_NAME)";
				SWIFT_OPTIMIZATION_LEVEL = "-Owholemodule";
				SWIFT_TREAT_WARNINGS_AS_ERRORS = YES;
				SWIFT_VERSION = 3.0;
				USER_HEADER_SEARCH_PATHS = /System/Library/Frameworks/IOKit.framework/Headers;
				WRAPPER_EXTENSION = app;
			};
			name = Release;
		};
/* End XCBuildConfiguration section */

/* Begin XCConfigurationList section */
		04E36492154D613F002BC8DD /* Build configuration list for PBXProject "bubblemon" */ = {
			isa = XCConfigurationList;
			buildConfigurations = (
				04E364B4154D613F002BC8DD /* Debug */,
				04E364B5154D613F002BC8DD /* Release */,
			);
			defaultConfigurationIsVisible = 0;
			defaultConfigurationName = Release;
		};
		04E364B6154D613F002BC8DD /* Build configuration list for PBXNativeTarget "Bubblemon" */ = {
			isa = XCConfigurationList;
			buildConfigurations = (
				04E364B7154D613F002BC8DD /* Debug */,
				04E364B8154D613F002BC8DD /* Release */,
			);
			defaultConfigurationIsVisible = 0;
			defaultConfigurationName = Release;
		};
		DB197C80161B0EB4009EA096 /* Build configuration list for PBXNativeTarget "Bubblemon Dock Tile Plugin" */ = {
			isa = XCConfigurationList;
			buildConfigurations = (
				DB197C7E161B0EB4009EA096 /* Debug */,
				DB197C7F161B0EB4009EA096 /* Release */,
			);
			defaultConfigurationIsVisible = 0;
			defaultConfigurationName = Release;
		};
		DB197CCC161B239A009EA096 /* Build configuration list for PBXNativeTarget "BubblemonWindow" */ = {
			isa = XCConfigurationList;
			buildConfigurations = (
				DB197CCD161B239A009EA096 /* Debug */,
				DB197CCE161B239A009EA096 /* Release */,
			);
			defaultConfigurationIsVisible = 0;
			defaultConfigurationName = Release;
		};
/* End XCConfigurationList section */
	};
	rootObject = 04E3648F154D613F002BC8DD /* Project object */;
}
