// !$*UTF8*$!
{
	archiveVersion = 1;
	classes = {
	};
	objectVersion = 46;
	objects = {

/* Begin PBXBuildFile section */
		0420B9FF1576A9B600A7B26C /* IOKit.framework in Frameworks */ = {isa = PBXBuildFile; fileRef = 0420B9FE1576A9B600A7B26C /* IOKit.framework */; };
		04E3649D154D613F002BC8DD /* Cocoa.framework in Frameworks */ = {isa = PBXBuildFile; fileRef = 04E3649C154D613F002BC8DD /* Cocoa.framework */; };
		04E364A7154D613F002BC8DD /* InfoPlist.strings in Resources */ = {isa = PBXBuildFile; fileRef = 04E364A5154D613F002BC8DD /* InfoPlist.strings */; };
		04E364A9154D613F002BC8DD /* main.m in Sources */ = {isa = PBXBuildFile; fileRef = 04E364A8154D613F002BC8DD /* main.m */; };
		04E364AD154D613F002BC8DD /* Credits.rtf in Resources */ = {isa = PBXBuildFile; fileRef = 04E364AB154D613F002BC8DD /* Credits.rtf */; };
		04E364B0154D613F002BC8DD /* AppDelegate.m in Sources */ = {isa = PBXBuildFile; fileRef = 04E364AF154D613F002BC8DD /* AppDelegate.m */; };
		04E364B3154D613F002BC8DD /* MainMenu.xib in Resources */ = {isa = PBXBuildFile; fileRef = 04E364B1154D613F002BC8DD /* MainMenu.xib */; };
		DB197C76161B0EB4009EA096 /* Cocoa.framework in Frameworks */ = {isa = PBXBuildFile; fileRef = 04E3649C154D613F002BC8DD /* Cocoa.framework */; };
		DB197C7C161B0EB4009EA096 /* InfoPlist.strings in Resources */ = {isa = PBXBuildFile; fileRef = DB197C7A161B0EB4009EA096 /* InfoPlist.strings */; };
		DB197C85161B0EE7009EA096 /* Bubblemon Dock Tile Plugin.docktileplugin in CopyFiles */ = {isa = PBXBuildFile; fileRef = DB197C75161B0EB4009EA096 /* Bubblemon Dock Tile Plugin.docktileplugin */; };
		DB197C8E161B106A009EA096 /* dynamic-accumulator.c in Sources */ = {isa = PBXBuildFile; fileRef = 0420B9FB1575431100A7B26C /* dynamic-accumulator.c */; };
		DB197C8F161B106A009EA096 /* accumulator.c in Sources */ = {isa = PBXBuildFile; fileRef = 041BF109154F1DA1009AE6D8 /* accumulator.c */; };
		DB197C90161B106A009EA096 /* bubblemon.c in Sources */ = {isa = PBXBuildFile; fileRef = 04DCE75D154D644700C3C4FD /* bubblemon.c */; };
		DB197C91161B106A009EA096 /* osx-meter.c in Sources */ = {isa = PBXBuildFile; fileRef = 04DCE75F154D670700C3C4FD /* osx-meter.c */; };
		DB197C92161B106E009EA096 /* BubblemonView.m in Sources */ = {isa = PBXBuildFile; fileRef = 041BF106154DAEED009AE6D8 /* BubblemonView.m */; };
		DB197C93161B117F009EA096 /* IOKit.framework in Frameworks */ = {isa = PBXBuildFile; fileRef = 0420B9FE1576A9B600A7B26C /* IOKit.framework */; };
		DB197C94161B2198009EA096 /* BubblemonView.m in Sources */ = {isa = PBXBuildFile; fileRef = 041BF106154DAEED009AE6D8 /* BubblemonView.m */; };
		DB197C95161B21AC009EA096 /* dynamic-accumulator.c in Sources */ = {isa = PBXBuildFile; fileRef = 0420B9FB1575431100A7B26C /* dynamic-accumulator.c */; };
		DB197C96161B21AC009EA096 /* accumulator.c in Sources */ = {isa = PBXBuildFile; fileRef = 041BF109154F1DA1009AE6D8 /* accumulator.c */; };
		DB197C97161B21AC009EA096 /* bubblemon.c in Sources */ = {isa = PBXBuildFile; fileRef = 04DCE75D154D644700C3C4FD /* bubblemon.c */; };
		DB197C98161B21AC009EA096 /* osx-meter.c in Sources */ = {isa = PBXBuildFile; fileRef = 04DCE75F154D670700C3C4FD /* osx-meter.c */; };
		DB197CB9161B239A009EA096 /* Cocoa.framework in Frameworks */ = {isa = PBXBuildFile; fileRef = 04E3649C154D613F002BC8DD /* Cocoa.framework */; };
		DB197CBF161B239A009EA096 /* InfoPlist.strings in Resources */ = {isa = PBXBuildFile; fileRef = DB197CBD161B239A009EA096 /* InfoPlist.strings */; };
		DB197CC1161B239A009EA096 /* main.m in Sources */ = {isa = PBXBuildFile; fileRef = DB197CC0161B239A009EA096 /* main.m */; };
		DB197CC5161B239A009EA096 /* Credits.rtf in Resources */ = {isa = PBXBuildFile; fileRef = DB197CC3161B239A009EA096 /* Credits.rtf */; };
		DB197CC8161B239A009EA096 /* AppDelegate.m in Sources */ = {isa = PBXBuildFile; fileRef = DB197CC7161B239A009EA096 /* AppDelegate.m */; };
		DB197CCB161B239A009EA096 /* MainMenu.xib in Resources */ = {isa = PBXBuildFile; fileRef = DB197CC9161B239A009EA096 /* MainMenu.xib */; };
		DB197CCF161B23A6009EA096 /* dynamic-accumulator.c in Sources */ = {isa = PBXBuildFile; fileRef = 0420B9FB1575431100A7B26C /* dynamic-accumulator.c */; };
		DB197CD0161B23A6009EA096 /* accumulator.c in Sources */ = {isa = PBXBuildFile; fileRef = 041BF109154F1DA1009AE6D8 /* accumulator.c */; };
		DB197CD1161B23A6009EA096 /* bubblemon.c in Sources */ = {isa = PBXBuildFile; fileRef = 04DCE75D154D644700C3C4FD /* bubblemon.c */; };
		DB197CD2161B23A6009EA096 /* osx-meter.c in Sources */ = {isa = PBXBuildFile; fileRef = 04DCE75F154D670700C3C4FD /* osx-meter.c */; };
		DB197CD3161B23A6009EA096 /* BubblemonView.m in Sources */ = {isa = PBXBuildFile; fileRef = 041BF106154DAEED009AE6D8 /* BubblemonView.m */; };
		DB197CD4161B23FE009EA096 /* IOKit.framework in Frameworks */ = {isa = PBXBuildFile; fileRef = 0420B9FE1576A9B600A7B26C /* IOKit.framework */; };
/* End PBXBuildFile section */

/* Begin PBXContainerItemProxy section */
		DB197C82161B0ECB009EA096 /* PBXContainerItemProxy */ = {
			isa = PBXContainerItemProxy;
			containerPortal = 04E3648F154D613F002BC8DD /* Project object */;
			proxyType = 1;
			remoteGlobalIDString = DB197C74161B0EB4009EA096;
			remoteInfo = "Bubblemon Dock Tile Plugin";
		};
/* End PBXContainerItemProxy section */

/* Begin PBXCopyFilesBuildPhase section */
		DB197C84161B0ED3009EA096 /* CopyFiles */ = {
			isa = PBXCopyFilesBuildPhase;
			buildActionMask = 2147483647;
			dstPath = Contents/PlugIns;
			dstSubfolderSpec = 1;
			files = (
				DB197C85161B0EE7009EA096 /* Bubblemon Dock Tile Plugin.docktileplugin in CopyFiles */,
			);
			runOnlyForDeploymentPostprocessing = 0;
		};
/* End PBXCopyFilesBuildPhase section */

/* Begin PBXFileReference section */
		041BF105154DAEED009AE6D8 /* BubblemonView.h */ = {isa = PBXFileReference; fileEncoding = 4; lastKnownFileType = sourcecode.c.h; path = BubblemonView.h; sourceTree = "<group>"; };
		041BF106154DAEED009AE6D8 /* BubblemonView.m */ = {isa = PBXFileReference; fileEncoding = 4; lastKnownFileType = sourcecode.c.objc; path = BubblemonView.m; sourceTree = "<group>"; };
		041BF109154F1DA1009AE6D8 /* accumulator.c */ = {isa = PBXFileReference; lastKnownFileType = sourcecode.c.c; name = accumulator.c; path = ../src/accumulator.c; sourceTree = "<group>"; };
		0420B9FB1575431100A7B26C /* dynamic-accumulator.c */ = {isa = PBXFileReference; lastKnownFileType = sourcecode.c.c; name = "dynamic-accumulator.c"; path = "../src/dynamic-accumulator.c"; sourceTree = "<group>"; };
		0420B9FE1576A9B600A7B26C /* IOKit.framework */ = {isa = PBXFileReference; lastKnownFileType = wrapper.framework; name = IOKit.framework; path = System/Library/Frameworks/IOKit.framework; sourceTree = SDKROOT; };
		04DCE75D154D644700C3C4FD /* bubblemon.c */ = {isa = PBXFileReference; lastKnownFileType = sourcecode.c.c; name = bubblemon.c; path = ../src/bubblemon.c; sourceTree = "<group>"; };
		04DCE75F154D670700C3C4FD /* osx-meter.c */ = {isa = PBXFileReference; fileEncoding = 4; lastKnownFileType = sourcecode.c.c; path = "osx-meter.c"; sourceTree = "<group>"; };
		04E36498154D613F002BC8DD /* BubblemonDocked.app */ = {isa = PBXFileReference; explicitFileType = wrapper.application; includeInIndex = 0; path = BubblemonDocked.app; sourceTree = BUILT_PRODUCTS_DIR; };
		04E3649C154D613F002BC8DD /* Cocoa.framework */ = {isa = PBXFileReference; lastKnownFileType = wrapper.framework; name = Cocoa.framework; path = System/Library/Frameworks/Cocoa.framework; sourceTree = SDKROOT; };
		04E3649F154D613F002BC8DD /* AppKit.framework */ = {isa = PBXFileReference; lastKnownFileType = wrapper.framework; name = AppKit.framework; path = System/Library/Frameworks/AppKit.framework; sourceTree = SDKROOT; };
		04E364A0154D613F002BC8DD /* CoreData.framework */ = {isa = PBXFileReference; lastKnownFileType = wrapper.framework; name = CoreData.framework; path = System/Library/Frameworks/CoreData.framework; sourceTree = SDKROOT; };
		04E364A1154D613F002BC8DD /* Foundation.framework */ = {isa = PBXFileReference; lastKnownFileType = wrapper.framework; name = Foundation.framework; path = System/Library/Frameworks/Foundation.framework; sourceTree = SDKROOT; };
		04E364A4154D613F002BC8DD /* bubblemon-Info.plist */ = {isa = PBXFileReference; lastKnownFileType = text.plist.xml; path = "bubblemon-Info.plist"; sourceTree = "<group>"; };
		04E364A6154D613F002BC8DD /* en */ = {isa = PBXFileReference; lastKnownFileType = text.plist.strings; name = en; path = en.lproj/InfoPlist.strings; sourceTree = "<group>"; };
		04E364A8154D613F002BC8DD /* main.m */ = {isa = PBXFileReference; lastKnownFileType = sourcecode.c.objc; path = main.m; sourceTree = "<group>"; };
		04E364AA154D613F002BC8DD /* bubblemon-Prefix.pch */ = {isa = PBXFileReference; lastKnownFileType = sourcecode.c.h; path = "bubblemon-Prefix.pch"; sourceTree = "<group>"; };
		04E364AC154D613F002BC8DD /* en */ = {isa = PBXFileReference; lastKnownFileType = text.rtf; name = en; path = en.lproj/Credits.rtf; sourceTree = "<group>"; };
		04E364AE154D613F002BC8DD /* AppDelegate.h */ = {isa = PBXFileReference; lastKnownFileType = sourcecode.c.h; path = AppDelegate.h; sourceTree = "<group>"; };
		04E364AF154D613F002BC8DD /* AppDelegate.m */ = {isa = PBXFileReference; lastKnownFileType = sourcecode.c.objc; path = AppDelegate.m; sourceTree = "<group>"; };
		04E364B2154D613F002BC8DD /* en */ = {isa = PBXFileReference; lastKnownFileType = file.xib; name = en; path = en.lproj/MainMenu.xib; sourceTree = "<group>"; };
		DB197C75161B0EB4009EA096 /* Bubblemon Dock Tile Plugin.docktileplugin */ = {isa = PBXFileReference; explicitFileType = wrapper.cfbundle; includeInIndex = 0; path = "Bubblemon Dock Tile Plugin.docktileplugin"; sourceTree = BUILT_PRODUCTS_DIR; };
		DB197C79161B0EB4009EA096 /* Bubblemon Dock Tile Plugin-Info.plist */ = {isa = PBXFileReference; lastKnownFileType = text.plist.xml; path = "Bubblemon Dock Tile Plugin-Info.plist"; sourceTree = "<group>"; };
		DB197C7B161B0EB4009EA096 /* en */ = {isa = PBXFileReference; lastKnownFileType = text.plist.strings; name = en; path = en.lproj/InfoPlist.strings; sourceTree = "<group>"; };
		DB197C7D161B0EB4009EA096 /* Bubblemon Dock Tile Plugin-Prefix.pch */ = {isa = PBXFileReference; lastKnownFileType = sourcecode.c.h; path = "Bubblemon Dock Tile Plugin-Prefix.pch"; sourceTree = "<group>"; };
		DB197CB7161B239A009EA096 /* BubblemonWindow.app */ = {isa = PBXFileReference; explicitFileType = wrapper.application; includeInIndex = 0; path = BubblemonWindow.app; sourceTree = BUILT_PRODUCTS_DIR; };
		DB197CBC161B239A009EA096 /* BubblemonWindow-Info.plist */ = {isa = PBXFileReference; lastKnownFileType = text.plist.xml; path = "BubblemonWindow-Info.plist"; sourceTree = "<group>"; };
		DB197CBE161B239A009EA096 /* en */ = {isa = PBXFileReference; lastKnownFileType = text.plist.strings; name = en; path = en.lproj/InfoPlist.strings; sourceTree = "<group>"; };
		DB197CC0161B239A009EA096 /* main.m */ = {isa = PBXFileReference; lastKnownFileType = sourcecode.c.objc; path = main.m; sourceTree = "<group>"; };
		DB197CC2161B239A009EA096 /* BubblemonWindow-Prefix.pch */ = {isa = PBXFileReference; lastKnownFileType = sourcecode.c.h; path = "BubblemonWindow-Prefix.pch"; sourceTree = "<group>"; };
		DB197CC4161B239A009EA096 /* en */ = {isa = PBXFileReference; lastKnownFileType = text.rtf; name = en; path = en.lproj/Credits.rtf; sourceTree = "<group>"; };
		DB197CC6161B239A009EA096 /* AppDelegate.h */ = {isa = PBXFileReference; lastKnownFileType = sourcecode.c.h; path = AppDelegate.h; sourceTree = "<group>"; };
		DB197CC7161B239A009EA096 /* AppDelegate.m */ = {isa = PBXFileReference; lastKnownFileType = sourcecode.c.objc; path = AppDelegate.m; sourceTree = "<group>"; };
		DB197CCA161B239A009EA096 /* en */ = {isa = PBXFileReference; lastKnownFileType = file.xib; name = en; path = en.lproj/MainMenu.xib; sourceTree = "<group>"; };
/* End PBXFileReference section */

/* Begin PBXFrameworksBuildPhase section */
		04E36495154D613F002BC8DD /* Frameworks */ = {
			isa = PBXFrameworksBuildPhase;
			buildActionMask = 2147483647;
			files = (
				0420B9FF1576A9B600A7B26C /* IOKit.framework in Frameworks */,
				04E3649D154D613F002BC8DD /* Cocoa.framework in Frameworks */,
			);
			runOnlyForDeploymentPostprocessing = 0;
		};
		DB197C72161B0EB4009EA096 /* Frameworks */ = {
			isa = PBXFrameworksBuildPhase;
			buildActionMask = 2147483647;
			files = (
				DB197C93161B117F009EA096 /* IOKit.framework in Frameworks */,
				DB197C76161B0EB4009EA096 /* Cocoa.framework in Frameworks */,
			);
			runOnlyForDeploymentPostprocessing = 0;
		};
		DB197CB4161B239A009EA096 /* Frameworks */ = {
			isa = PBXFrameworksBuildPhase;
			buildActionMask = 2147483647;
			files = (
				DB197CD4161B23FE009EA096 /* IOKit.framework in Frameworks */,
				DB197CB9161B239A009EA096 /* Cocoa.framework in Frameworks */,
			);
			runOnlyForDeploymentPostprocessing = 0;
		};
/* End PBXFrameworksBuildPhase section */

/* Begin PBXGroup section */
		04E3648D154D613F002BC8DD = {
			isa = PBXGroup;
			children = (
				0420B9FB1575431100A7B26C /* dynamic-accumulator.c */,
				041BF109154F1DA1009AE6D8 /* accumulator.c */,
				04DCE75D154D644700C3C4FD /* bubblemon.c */,
				04DCE75F154D670700C3C4FD /* osx-meter.c */,
				041BF105154DAEED009AE6D8 /* BubblemonView.h */,
				041BF106154DAEED009AE6D8 /* BubblemonView.m */,
				04E364A2154D613F002BC8DD /* bubblemon */,
				DB197C77161B0EB4009EA096 /* Bubblemon Dock Tile Plugin */,
				DB197CBA161B239A009EA096 /* BubblemonWindow */,
				04E3649B154D613F002BC8DD /* Frameworks */,
				04E36499154D613F002BC8DD /* Products */,
			);
			sourceTree = "<group>";
		};
		04E36499154D613F002BC8DD /* Products */ = {
			isa = PBXGroup;
			children = (
				04E36498154D613F002BC8DD /* BubblemonDocked.app */,
				DB197C75161B0EB4009EA096 /* Bubblemon Dock Tile Plugin.docktileplugin */,
				DB197CB7161B239A009EA096 /* BubblemonWindow.app */,
			);
			name = Products;
			sourceTree = "<group>";
		};
		04E3649B154D613F002BC8DD /* Frameworks */ = {
			isa = PBXGroup;
			children = (
				04E3649C154D613F002BC8DD /* Cocoa.framework */,
				04E3649E154D613F002BC8DD /* Other Frameworks */,
			);
			name = Frameworks;
			sourceTree = "<group>";
		};
		04E3649E154D613F002BC8DD /* Other Frameworks */ = {
			isa = PBXGroup;
			children = (
				0420B9FE1576A9B600A7B26C /* IOKit.framework */,
				04E3649F154D613F002BC8DD /* AppKit.framework */,
				04E364A0154D613F002BC8DD /* CoreData.framework */,
				04E364A1154D613F002BC8DD /* Foundation.framework */,
			);
			name = "Other Frameworks";
			sourceTree = "<group>";
		};
		04E364A2154D613F002BC8DD /* bubblemon */ = {
			isa = PBXGroup;
			children = (
				04E364AE154D613F002BC8DD /* AppDelegate.h */,
				04E364AF154D613F002BC8DD /* AppDelegate.m */,
				04E364B1154D613F002BC8DD /* MainMenu.xib */,
				04E364A3154D613F002BC8DD /* Supporting Files */,
			);
			path = bubblemon;
			sourceTree = "<group>";
		};
		04E364A3154D613F002BC8DD /* Supporting Files */ = {
			isa = PBXGroup;
			children = (
				04E364A4154D613F002BC8DD /* bubblemon-Info.plist */,
				04E364A5154D613F002BC8DD /* InfoPlist.strings */,
				04E364A8154D613F002BC8DD /* main.m */,
				04E364AA154D613F002BC8DD /* bubblemon-Prefix.pch */,
				04E364AB154D613F002BC8DD /* Credits.rtf */,
			);
			name = "Supporting Files";
			sourceTree = "<group>";
		};
		DB197C77161B0EB4009EA096 /* Bubblemon Dock Tile Plugin */ = {
			isa = PBXGroup;
			children = (
				DB197C78161B0EB4009EA096 /* Supporting Files */,
			);
			path = "Bubblemon Dock Tile Plugin";
			sourceTree = "<group>";
		};
		DB197C78161B0EB4009EA096 /* Supporting Files */ = {
			isa = PBXGroup;
			children = (
				DB197C79161B0EB4009EA096 /* Bubblemon Dock Tile Plugin-Info.plist */,
				DB197C7A161B0EB4009EA096 /* InfoPlist.strings */,
				DB197C7D161B0EB4009EA096 /* Bubblemon Dock Tile Plugin-Prefix.pch */,
			);
			name = "Supporting Files";
			sourceTree = "<group>";
		};
		DB197CBA161B239A009EA096 /* BubblemonWindow */ = {
			isa = PBXGroup;
			children = (
				DB197CC6161B239A009EA096 /* AppDelegate.h */,
				DB197CC7161B239A009EA096 /* AppDelegate.m */,
				DB197CC9161B239A009EA096 /* MainMenu.xib */,
				DB197CBB161B239A009EA096 /* Supporting Files */,
			);
			path = BubblemonWindow;
			sourceTree = "<group>";
		};
		DB197CBB161B239A009EA096 /* Supporting Files */ = {
			isa = PBXGroup;
			children = (
				DB197CBC161B239A009EA096 /* BubblemonWindow-Info.plist */,
				DB197CBD161B239A009EA096 /* InfoPlist.strings */,
				DB197CC0161B239A009EA096 /* main.m */,
				DB197CC2161B239A009EA096 /* BubblemonWindow-Prefix.pch */,
				DB197CC3161B239A009EA096 /* Credits.rtf */,
			);
			name = "Supporting Files";
			sourceTree = "<group>";
		};
/* End PBXGroup section */

/* Begin PBXNativeTarget section */
		04E36497154D613F002BC8DD /* BubblemonDocked */ = {
			isa = PBXNativeTarget;
			buildConfigurationList = 04E364B6154D613F002BC8DD /* Build configuration list for PBXNativeTarget "BubblemonDocked" */;
			buildPhases = (
				04E36494154D613F002BC8DD /* Sources */,
				04E36495154D613F002BC8DD /* Frameworks */,
				04E36496154D613F002BC8DD /* Resources */,
				DB197C84161B0ED3009EA096 /* CopyFiles */,
			);
			buildRules = (
			);
			dependencies = (
				DB197C83161B0ECB009EA096 /* PBXTargetDependency */,
			);
			name = BubblemonDocked;
			productName = bubblemon;
			productReference = 04E36498154D613F002BC8DD /* BubblemonDocked.app */;
			productType = "com.apple.product-type.application";
		};
		DB197C74161B0EB4009EA096 /* Bubblemon Dock Tile Plugin */ = {
			isa = PBXNativeTarget;
			buildConfigurationList = DB197C80161B0EB4009EA096 /* Build configuration list for PBXNativeTarget "Bubblemon Dock Tile Plugin" */;
			buildPhases = (
				DB197C71161B0EB4009EA096 /* Sources */,
				DB197C72161B0EB4009EA096 /* Frameworks */,
				DB197C73161B0EB4009EA096 /* Resources */,
			);
			buildRules = (
			);
			dependencies = (
			);
			name = "Bubblemon Dock Tile Plugin";
			productName = "Bubblemon Dock Tile Plugin";
			productReference = DB197C75161B0EB4009EA096 /* Bubblemon Dock Tile Plugin.docktileplugin */;
			productType = "com.apple.product-type.bundle";
		};
		DB197CB6161B239A009EA096 /* BubblemonWindow */ = {
			isa = PBXNativeTarget;
			buildConfigurationList = DB197CCC161B239A009EA096 /* Build configuration list for PBXNativeTarget "BubblemonWindow" */;
			buildPhases = (
				DB197CB3161B239A009EA096 /* Sources */,
				DB197CB4161B239A009EA096 /* Frameworks */,
				DB197CB5161B239A009EA096 /* Resources */,
			);
			buildRules = (
			);
			dependencies = (
			);
			name = BubblemonWindow;
			productName = BubblemonWindow;
			productReference = DB197CB7161B239A009EA096 /* BubblemonWindow.app */;
			productType = "com.apple.product-type.application";
		};
/* End PBXNativeTarget section */

/* Begin PBXProject section */
		04E3648F154D613F002BC8DD /* Project object */ = {
			isa = PBXProject;
			attributes = {
				LastUpgradeCheck = 0450;
			};
			buildConfigurationList = 04E36492154D613F002BC8DD /* Build configuration list for PBXProject "bubblemon" */;
			compatibilityVersion = "Xcode 3.2";
			developmentRegion = English;
			hasScannedForEncodings = 0;
			knownRegions = (
				en,
			);
			mainGroup = 04E3648D154D613F002BC8DD;
			productRefGroup = 04E36499154D613F002BC8DD /* Products */;
			projectDirPath = "";
			projectRoot = "";
			targets = (
				04E36497154D613F002BC8DD /* BubblemonDocked */,
				DB197C74161B0EB4009EA096 /* Bubblemon Dock Tile Plugin */,
				DB197CB6161B239A009EA096 /* BubblemonWindow */,
			);
		};
/* End PBXProject section */

/* Begin PBXResourcesBuildPhase section */
		04E36496154D613F002BC8DD /* Resources */ = {
			isa = PBXResourcesBuildPhase;
			buildActionMask = 2147483647;
			files = (
				04E364A7154D613F002BC8DD /* InfoPlist.strings in Resources */,
				04E364AD154D613F002BC8DD /* Credits.rtf in Resources */,
				04E364B3154D613F002BC8DD /* MainMenu.xib in Resources */,
			);
			runOnlyForDeploymentPostprocessing = 0;
		};
		DB197C73161B0EB4009EA096 /* Resources */ = {
			isa = PBXResourcesBuildPhase;
			buildActionMask = 2147483647;
			files = (
				DB197C7C161B0EB4009EA096 /* InfoPlist.strings in Resources */,
			);
			runOnlyForDeploymentPostprocessing = 0;
		};
		DB197CB5161B239A009EA096 /* Resources */ = {
			isa = PBXResourcesBuildPhase;
			buildActionMask = 2147483647;
			files = (
				DB197CBF161B239A009EA096 /* InfoPlist.strings in Resources */,
				DB197CC5161B239A009EA096 /* Credits.rtf in Resources */,
				DB197CCB161B239A009EA096 /* MainMenu.xib in Resources */,
			);
			runOnlyForDeploymentPostprocessing = 0;
		};
/* End PBXResourcesBuildPhase section */

/* Begin PBXSourcesBuildPhase section */
		04E36494154D613F002BC8DD /* Sources */ = {
			isa = PBXSourcesBuildPhase;
			buildActionMask = 2147483647;
			files = (
				04E364A9154D613F002BC8DD /* main.m in Sources */,
				04E364B0154D613F002BC8DD /* AppDelegate.m in Sources */,
				DB197C94161B2198009EA096 /* BubblemonView.m in Sources */,
				DB197C95161B21AC009EA096 /* dynamic-accumulator.c in Sources */,
				DB197C96161B21AC009EA096 /* accumulator.c in Sources */,
				DB197C97161B21AC009EA096 /* bubblemon.c in Sources */,
				DB197C98161B21AC009EA096 /* osx-meter.c in Sources */,
			);
			runOnlyForDeploymentPostprocessing = 0;
		};
		DB197C71161B0EB4009EA096 /* Sources */ = {
			isa = PBXSourcesBuildPhase;
			buildActionMask = 2147483647;
			files = (
				DB197C8E161B106A009EA096 /* dynamic-accumulator.c in Sources */,
				DB197C8F161B106A009EA096 /* accumulator.c in Sources */,
				DB197C90161B106A009EA096 /* bubblemon.c in Sources */,
				DB197C91161B106A009EA096 /* osx-meter.c in Sources */,
				DB197C92161B106E009EA096 /* BubblemonView.m in Sources */,
			);
			runOnlyForDeploymentPostprocessing = 0;
		};
		DB197CB3161B239A009EA096 /* Sources */ = {
			isa = PBXSourcesBuildPhase;
			buildActionMask = 2147483647;
			files = (
				DB197CC1161B239A009EA096 /* main.m in Sources */,
				DB197CC8161B239A009EA096 /* AppDelegate.m in Sources */,
				DB197CCF161B23A6009EA096 /* dynamic-accumulator.c in Sources */,
				DB197CD0161B23A6009EA096 /* accumulator.c in Sources */,
				DB197CD1161B23A6009EA096 /* bubblemon.c in Sources */,
				DB197CD2161B23A6009EA096 /* osx-meter.c in Sources */,
				DB197CD3161B23A6009EA096 /* BubblemonView.m in Sources */,
			);
			runOnlyForDeploymentPostprocessing = 0;
		};
/* End PBXSourcesBuildPhase section */

/* Begin PBXTargetDependency section */
		DB197C83161B0ECB009EA096 /* PBXTargetDependency */ = {
			isa = PBXTargetDependency;
			target = DB197C74161B0EB4009EA096 /* Bubblemon Dock Tile Plugin */;
			targetProxy = DB197C82161B0ECB009EA096 /* PBXContainerItemProxy */;
		};
/* End PBXTargetDependency section */

/* Begin PBXVariantGroup section */
		04E364A5154D613F002BC8DD /* InfoPlist.strings */ = {
			isa = PBXVariantGroup;
			children = (
				04E364A6154D613F002BC8DD /* en */,
			);
			name = InfoPlist.strings;
			sourceTree = "<group>";
		};
		04E364AB154D613F002BC8DD /* Credits.rtf */ = {
			isa = PBXVariantGroup;
			children = (
				04E364AC154D613F002BC8DD /* en */,
			);
			name = Credits.rtf;
			sourceTree = "<group>";
		};
		04E364B1154D613F002BC8DD /* MainMenu.xib */ = {
			isa = PBXVariantGroup;
			children = (
				04E364B2154D613F002BC8DD /* en */,
			);
			name = MainMenu.xib;
			sourceTree = "<group>";
		};
		DB197C7A161B0EB4009EA096 /* InfoPlist.strings */ = {
			isa = PBXVariantGroup;
			children = (
				DB197C7B161B0EB4009EA096 /* en */,
			);
			name = InfoPlist.strings;
			sourceTree = "<group>";
		};
		DB197CBD161B239A009EA096 /* InfoPlist.strings */ = {
			isa = PBXVariantGroup;
			children = (
				DB197CBE161B239A009EA096 /* en */,
			);
			name = InfoPlist.strings;
			sourceTree = "<group>";
		};
		DB197CC3161B239A009EA096 /* Credits.rtf */ = {
			isa = PBXVariantGroup;
			children = (
				DB197CC4161B239A009EA096 /* en */,
			);
			name = Credits.rtf;
			sourceTree = "<group>";
		};
		DB197CC9161B239A009EA096 /* MainMenu.xib */ = {
			isa = PBXVariantGroup;
			children = (
				DB197CCA161B239A009EA096 /* en */,
			);
			name = MainMenu.xib;
			sourceTree = "<group>";
		};
/* End PBXVariantGroup section */

/* Begin XCBuildConfiguration section */
		04E364B4154D613F002BC8DD /* Debug */ = {
			isa = XCBuildConfiguration;
			buildSettings = {
				ALWAYS_SEARCH_USER_PATHS = NO;
				ARCHS = "$(ARCHS_STANDARD_64_BIT)";
				CLANG_ANALYZER_SECURITY_FLOATLOOPCOUNTER = YES;
				CLANG_ANALYZER_SECURITY_INSECUREAPI_RAND = NO;
				CLANG_ANALYZER_SECURITY_INSECUREAPI_STRCPY = NO;
				CLANG_ENABLE_OBJC_ARC = YES;
				CLANG_WARN_DEPRECATED_OBJC_IMPLEMENTATIONS = YES;
				CLANG_WARN_EMPTY_BODY = YES;
				CLANG_WARN_IMPLICIT_SIGN_CONVERSION = NO;
				CLANG_WARN_OBJCPP_ARC_ABI = YES;
				CLANG_WARN_OBJC_IMPLICIT_ATOMIC_PROPERTIES = NO;
				CLANG_WARN_OBJC_MISSING_PROPERTY_SYNTHESIS = YES;
				CLANG_WARN_OBJC_RECEIVER_WEAK = YES;
				CLANG_WARN_SUSPICIOUS_IMPLICIT_CONVERSION = NO;
				CLANG_WARN__DUPLICATE_METHOD_MATCH = YES;
				COPY_PHASE_STRIP = NO;
				GCC_C_LANGUAGE_STANDARD = gnu99;
				GCC_DYNAMIC_NO_PIC = NO;
				GCC_ENABLE_OBJC_EXCEPTIONS = YES;
				GCC_OPTIMIZATION_LEVEL = 0;
				GCC_PREPROCESSOR_DEFINITIONS = (
					"DEBUG=1",
					"$(inherited)",
				);
				GCC_SYMBOLS_PRIVATE_EXTERN = NO;
				GCC_TREAT_IMPLICIT_FUNCTION_DECLARATIONS_AS_ERRORS = YES;
				GCC_TREAT_INCOMPATIBLE_POINTER_TYPE_WARNINGS_AS_ERRORS = YES;
				GCC_VERSION = com.apple.compilers.llvm.clang.1_0;
				GCC_WARN_64_TO_32_BIT_CONVERSION = YES;
				GCC_WARN_ABOUT_MISSING_FIELD_INITIALIZERS = YES;
				GCC_WARN_ABOUT_MISSING_NEWLINE = YES;
				GCC_WARN_ABOUT_MISSING_PROTOTYPES = YES;
				GCC_WARN_ABOUT_RETURN_TYPE = YES;
				GCC_WARN_FOUR_CHARACTER_CONSTANTS = YES;
				GCC_WARN_INITIALIZER_NOT_FULLY_BRACKETED = YES;
				GCC_WARN_MULTIPLE_DEFINITION_TYPES_FOR_SELECTOR = YES;
				GCC_WARN_SHADOW = YES;
				GCC_WARN_SIGN_COMPARE = YES;
				GCC_WARN_STRICT_SELECTOR_MATCH = YES;
				GCC_WARN_UNDECLARED_SELECTOR = YES;
				GCC_WARN_UNINITIALIZED_AUTOS = YES;
				GCC_WARN_UNKNOWN_PRAGMAS = YES;
				GCC_WARN_UNUSED_FUNCTION = YES;
				GCC_WARN_UNUSED_LABEL = YES;
				GCC_WARN_UNUSED_PARAMETER = NO;
				GCC_WARN_UNUSED_VARIABLE = YES;
				MACOSX_DEPLOYMENT_TARGET = 10.7;
				ONLY_ACTIVE_ARCH = YES;
				SDKROOT = macosx;
			};
			name = Debug;
		};
		04E364B5154D613F002BC8DD /* Release */ = {
			isa = XCBuildConfiguration;
			buildSettings = {
				ALWAYS_SEARCH_USER_PATHS = NO;
				ARCHS = "$(ARCHS_STANDARD_64_BIT)";
				CLANG_ANALYZER_SECURITY_FLOATLOOPCOUNTER = YES;
				CLANG_ANALYZER_SECURITY_INSECUREAPI_RAND = NO;
				CLANG_ANALYZER_SECURITY_INSECUREAPI_STRCPY = NO;
				CLANG_ENABLE_OBJC_ARC = YES;
				CLANG_WARN_DEPRECATED_OBJC_IMPLEMENTATIONS = YES;
				CLANG_WARN_EMPTY_BODY = YES;
				CLANG_WARN_IMPLICIT_SIGN_CONVERSION = NO;
				CLANG_WARN_OBJCPP_ARC_ABI = YES;
				CLANG_WARN_OBJC_IMPLICIT_ATOMIC_PROPERTIES = NO;
				CLANG_WARN_OBJC_MISSING_PROPERTY_SYNTHESIS = YES;
				CLANG_WARN_OBJC_RECEIVER_WEAK = YES;
				CLANG_WARN_SUSPICIOUS_IMPLICIT_CONVERSION = NO;
				CLANG_WARN__DUPLICATE_METHOD_MATCH = YES;
				COPY_PHASE_STRIP = YES;
				DEBUG_INFORMATION_FORMAT = "dwarf-with-dsym";
				GCC_C_LANGUAGE_STANDARD = gnu99;
				GCC_ENABLE_OBJC_EXCEPTIONS = YES;
				GCC_TREAT_IMPLICIT_FUNCTION_DECLARATIONS_AS_ERRORS = YES;
				GCC_TREAT_INCOMPATIBLE_POINTER_TYPE_WARNINGS_AS_ERRORS = YES;
				GCC_VERSION = com.apple.compilers.llvm.clang.1_0;
				GCC_WARN_64_TO_32_BIT_CONVERSION = YES;
				GCC_WARN_ABOUT_MISSING_FIELD_INITIALIZERS = YES;
				GCC_WARN_ABOUT_MISSING_NEWLINE = YES;
				GCC_WARN_ABOUT_MISSING_PROTOTYPES = YES;
				GCC_WARN_ABOUT_RETURN_TYPE = YES;
				GCC_WARN_FOUR_CHARACTER_CONSTANTS = YES;
				GCC_WARN_INITIALIZER_NOT_FULLY_BRACKETED = YES;
				GCC_WARN_MULTIPLE_DEFINITION_TYPES_FOR_SELECTOR = YES;
				GCC_WARN_SHADOW = YES;
				GCC_WARN_SIGN_COMPARE = YES;
				GCC_WARN_STRICT_SELECTOR_MATCH = YES;
				GCC_WARN_UNDECLARED_SELECTOR = YES;
				GCC_WARN_UNINITIALIZED_AUTOS = YES;
				GCC_WARN_UNKNOWN_PRAGMAS = YES;
				GCC_WARN_UNUSED_FUNCTION = YES;
				GCC_WARN_UNUSED_LABEL = YES;
				GCC_WARN_UNUSED_PARAMETER = NO;
				GCC_WARN_UNUSED_VARIABLE = YES;
				MACOSX_DEPLOYMENT_TARGET = 10.7;
				SDKROOT = macosx;
			};
			name = Release;
		};
		04E364B7154D613F002BC8DD /* Debug */ = {
			isa = XCBuildConfiguration;
			buildSettings = {
				ALWAYS_SEARCH_USER_PATHS = YES;
				CLANG_ENABLE_OBJC_ARC = NO;
				COMBINE_HIDPI_IMAGES = YES;
				GCC_PRECOMPILE_PREFIX_HEADER = YES;
				GCC_PREFIX_HEADER = "bubblemon/bubblemon-Prefix.pch";
				"HEADER_SEARCH_PATHS[arch=*]" = ../src;
				INFOPLIST_FILE = "bubblemon/bubblemon-Info.plist";
				PRODUCT_NAME = "$(TARGET_NAME)";
				RUN_CLANG_STATIC_ANALYZER = YES;
				USER_HEADER_SEARCH_PATHS = "";
				"USER_HEADER_SEARCH_PATHS[arch=*]" = /System/Library/Frameworks/IOKit.framework/Headers;
				WRAPPER_EXTENSION = app;
			};
			name = Debug;
		};
		04E364B8154D613F002BC8DD /* Release */ = {
			isa = XCBuildConfiguration;
			buildSettings = {
				ALWAYS_SEARCH_USER_PATHS = YES;
				CLANG_ENABLE_OBJC_ARC = NO;
				COMBINE_HIDPI_IMAGES = YES;
				GCC_PRECOMPILE_PREFIX_HEADER = YES;
				GCC_PREFIX_HEADER = "bubblemon/bubblemon-Prefix.pch";
				"HEADER_SEARCH_PATHS[arch=*]" = ../src;
				INFOPLIST_FILE = "bubblemon/bubblemon-Info.plist";
				PRODUCT_NAME = "$(TARGET_NAME)";
				RUN_CLANG_STATIC_ANALYZER = YES;
				USER_HEADER_SEARCH_PATHS = "";
				"USER_HEADER_SEARCH_PATHS[arch=*]" = /System/Library/Frameworks/IOKit.framework/Headers;
				WRAPPER_EXTENSION = app;
			};
			name = Release;
		};
		DB197C7E161B0EB4009EA096 /* Debug */ = {
			isa = XCBuildConfiguration;
			buildSettings = {
				ALWAYS_SEARCH_USER_PATHS = YES;
				CLANG_CXX_LANGUAGE_STANDARD = "gnu++0x";
				CLANG_ENABLE_OBJC_ARC = NO;
				CLANG_WARN__DUPLICATE_METHOD_MATCH = YES;
				COMBINE_HIDPI_IMAGES = YES;
				GCC_PRECOMPILE_PREFIX_HEADER = YES;
				GCC_PREFIX_HEADER = "Bubblemon Dock Tile Plugin/Bubblemon Dock Tile Plugin-Prefix.pch";
				HEADER_SEARCH_PATHS = ../src;
				INFOPLIST_FILE = "Bubblemon Dock Tile Plugin/Bubblemon Dock Tile Plugin-Info.plist";
				INSTALL_PATH = "$(LOCAL_LIBRARY_DIR)/Bundles";
				PRODUCT_NAME = "$(TARGET_NAME)";
				USER_HEADER_SEARCH_PATHS = /System/Library/Frameworks/IOKit.framework/Headers;
				WRAPPER_EXTENSION = docktileplugin;
			};
			name = Debug;
		};
		DB197C7F161B0EB4009EA096 /* Release */ = {
			isa = XCBuildConfiguration;
			buildSettings = {
				ALWAYS_SEARCH_USER_PATHS = YES;
				CLANG_CXX_LANGUAGE_STANDARD = "gnu++0x";
				CLANG_ENABLE_OBJC_ARC = NO;
				CLANG_WARN__DUPLICATE_METHOD_MATCH = YES;
				COMBINE_HIDPI_IMAGES = YES;
				GCC_PRECOMPILE_PREFIX_HEADER = YES;
				GCC_PREFIX_HEADER = "Bubblemon Dock Tile Plugin/Bubblemon Dock Tile Plugin-Prefix.pch";
				HEADER_SEARCH_PATHS = ../src;
				INFOPLIST_FILE = "Bubblemon Dock Tile Plugin/Bubblemon Dock Tile Plugin-Info.plist";
				INSTALL_PATH = "$(LOCAL_LIBRARY_DIR)/Bundles";
				PRODUCT_NAME = "$(TARGET_NAME)";
				USER_HEADER_SEARCH_PATHS = /System/Library/Frameworks/IOKit.framework/Headers;
				WRAPPER_EXTENSION = docktileplugin;
			};
			name = Release;
		};
		DB197CCD161B239A009EA096 /* Debug */ = {
			isa = XCBuildConfiguration;
			buildSettings = {
				ALWAYS_SEARCH_USER_PATHS = YES;
				CLANG_CXX_LANGUAGE_STANDARD = "gnu++0x";
				CLANG_ENABLE_OBJC_ARC = NO;
				CLANG_WARN__DUPLICATE_METHOD_MATCH = YES;
				COMBINE_HIDPI_IMAGES = YES;
				GCC_PRECOMPILE_PREFIX_HEADER = YES;
				GCC_PREFIX_HEADER = "BubblemonWindow/BubblemonWindow-Prefix.pch";
				HEADER_SEARCH_PATHS = ../src;
				INFOPLIST_FILE = "BubblemonWindow/BubblemonWindow-Info.plist";
				PRODUCT_NAME = "$(TARGET_NAME)";
				USER_HEADER_SEARCH_PATHS = /System/Library/Frameworks/IOKit.framework/Headers;
				WRAPPER_EXTENSION = app;
			};
			name = Debug;
		};
		DB197CCE161B239A009EA096 /* Release */ = {
			isa = XCBuildConfiguration;
			buildSettings = {
				ALWAYS_SEARCH_USER_PATHS = YES;
				CLANG_CXX_LANGUAGE_STANDARD = "gnu++0x";
				CLANG_ENABLE_OBJC_ARC = NO;
				CLANG_WARN__DUPLICATE_METHOD_MATCH = YES;
				COMBINE_HIDPI_IMAGES = YES;
				GCC_PRECOMPILE_PREFIX_HEADER = YES;
				GCC_PREFIX_HEADER = "BubblemonWindow/BubblemonWindow-Prefix.pch";
				HEADER_SEARCH_PATHS = ../src;
				INFOPLIST_FILE = "BubblemonWindow/BubblemonWindow-Info.plist";
				PRODUCT_NAME = "$(TARGET_NAME)";
				USER_HEADER_SEARCH_PATHS = /System/Library/Frameworks/IOKit.framework/Headers;
				WRAPPER_EXTENSION = app;
			};
			name = Release;
		};
/* End XCBuildConfiguration section */

/* Begin XCConfigurationList section */
		04E36492154D613F002BC8DD /* Build configuration list for PBXProject "bubblemon" */ = {
			isa = XCConfigurationList;
			buildConfigurations = (
				04E364B4154D613F002BC8DD /* Debug */,
				04E364B5154D613F002BC8DD /* Release */,
			);
			defaultConfigurationIsVisible = 0;
			defaultConfigurationName = Release;
		};
		04E364B6154D613F002BC8DD /* Build configuration list for PBXNativeTarget "BubblemonDocked" */ = {
			isa = XCConfigurationList;
			buildConfigurations = (
				04E364B7154D613F002BC8DD /* Debug */,
				04E364B8154D613F002BC8DD /* Release */,
			);
			defaultConfigurationIsVisible = 0;
			defaultConfigurationName = Release;
		};
		DB197C80161B0EB4009EA096 /* Build configuration list for PBXNativeTarget "Bubblemon Dock Tile Plugin" */ = {
			isa = XCConfigurationList;
			buildConfigurations = (
				DB197C7E161B0EB4009EA096 /* Debug */,
				DB197C7F161B0EB4009EA096 /* Release */,
			);
			defaultConfigurationIsVisible = 0;
			defaultConfigurationName = Release;
		};
		DB197CCC161B239A009EA096 /* Build configuration list for PBXNativeTarget "BubblemonWindow" */ = {
			isa = XCConfigurationList;
			buildConfigurations = (
				DB197CCD161B239A009EA096 /* Debug */,
				DB197CCE161B239A009EA096 /* Release */,
			);
			defaultConfigurationIsVisible = 0;
			defaultConfigurationName = Release;
		};
/* End XCConfigurationList section */
	};
	rootObject = 04E3648F154D613F002BC8DD /* Project object */;
}
