// !$*UTF8*$!
{
	archiveVersion = 1;
	classes = {
	};
	objectVersion = 48;
	objects = {

/* Begin PBXBuildFile section */
		04063A981F8BFDCD005E5218 /* icon.png.icns in Resources */ = {isa = PBXBuildFile; fileRef = 047776D91D8D83E30042312F /* icon.png.icns */; };
		0469575925CFC49500103A96 /* accumulator.c in Sources */ = {isa = PBXBuildFile; fileRef = 041BF109154F1DA1009AE6D8 /* accumulator.c */; };
		0469575A25CFC49500103A96 /* bubblemon.c in Sources */ = {isa = PBXBuildFile; fileRef = 04DCE75D154D644700C3C4FD /* bubblemon.c */; };
		0469575B25CFC49500103A96 /* dynamic-accumulator.c in Sources */ = {isa = PBXBuildFile; fileRef = 0420B9FB1575431100A7B26C /* dynamic-accumulator.c */; };
		0469575C25CFC49500103A96 /* osx-meter.c in Sources */ = {isa = PBXBuildFile; fileRef = 04DCE75F154D670700C3C4FD /* osx-meter.c */; };
		047776DA1D8D83E30042312F /* icon.png.icns in Resources */ = {isa = PBXBuildFile; fileRef = 047776D91D8D83E30042312F /* icon.png.icns */; };
		047776DB1D8E2EE80042312F /* icon.png.icns in Resources */ = {isa = PBXBuildFile; fileRef = 047776D91D8D83E30042312F /* icon.png.icns */; };
		0483188516218FE500B4E13F /* window-frame.png in Resources */ = {isa = PBXBuildFile; fileRef = 0483188316218F5400B4E13F /* window-frame.png */; };
		048318861621FFAE00B4E13F /* window-frame.png in Resources */ = {isa = PBXBuildFile; fileRef = 0483188316218F5400B4E13F /* window-frame.png */; };
		04831887162200F700B4E13F /* window-frame.png in Resources */ = {isa = PBXBuildFile; fileRef = 0483188316218F5400B4E13F /* window-frame.png */; };
		04AB5FB91F89409D005EB52F /* applePrivateHelpers.m in Sources */ = {isa = PBXBuildFile; fileRef = 04AB5FB81F89409D005EB52F /* applePrivateHelpers.m */; };
		04BD0B5323C38B7300709832 /* icon.png.icns in Resources */ = {isa = PBXBuildFile; fileRef = 047776D91D8D83E30042312F /* icon.png.icns */; };
		04DAF91E25CE739300B06E06 /* AppDelegate.swift in Sources */ = {isa = PBXBuildFile; fileRef = 04DAF91D25CE739300B06E06 /* AppDelegate.swift */; };
		04DAF98025CEEEBF00B06E06 /* MainMenu.xib in Resources */ = {isa = PBXBuildFile; fileRef = 04DAF97F25CEEEBF00B06E06 /* MainMenu.xib */; };
		04E3649D154D613F002BC8DD /* Cocoa.framework in Frameworks */ = {isa = PBXBuildFile; fileRef = 04E3649C154D613F002BC8DD /* Cocoa.framework */; };
		04E364A9154D613F002BC8DD /* main.swift in Sources */ = {isa = PBXBuildFile; fileRef = 04E364A8154D613F002BC8DD /* main.swift */; };
		DB197C76161B0EB4009EA096 /* Cocoa.framework in Frameworks */ = {isa = PBXBuildFile; fileRef = 04E3649C154D613F002BC8DD /* Cocoa.framework */; };
		DB197C85161B0EE7009EA096 /* Bubblemon Dock Tile Plugin.docktileplugin in CopyFiles */ = {isa = PBXBuildFile; fileRef = DB197C75161B0EB4009EA096 /* Bubblemon Dock Tile Plugin.docktileplugin */; settings = {ATTRIBUTES = (CodeSignOnCopy, ); }; };
		DB197C8E161B106A009EA096 /* dynamic-accumulator.c in Sources */ = {isa = PBXBuildFile; fileRef = 0420B9FB1575431100A7B26C /* dynamic-accumulator.c */; };
		DB197C8F161B106A009EA096 /* accumulator.c in Sources */ = {isa = PBXBuildFile; fileRef = 041BF109154F1DA1009AE6D8 /* accumulator.c */; };
		DB197C90161B106A009EA096 /* bubblemon.c in Sources */ = {isa = PBXBuildFile; fileRef = 04DCE75D154D644700C3C4FD /* bubblemon.c */; };
		DB197C91161B106A009EA096 /* osx-meter.c in Sources */ = {isa = PBXBuildFile; fileRef = 04DCE75F154D670700C3C4FD /* osx-meter.c */; };
		DB197C93161B117F009EA096 /* IOKit.framework in Frameworks */ = {isa = PBXBuildFile; fileRef = 0420B9FE1576A9B600A7B26C /* IOKit.framework */; };
		DB197C95161B21AC009EA096 /* dynamic-accumulator.c in Sources */ = {isa = PBXBuildFile; fileRef = 0420B9FB1575431100A7B26C /* dynamic-accumulator.c */; };
		DB197C96161B21AC009EA096 /* accumulator.c in Sources */ = {isa = PBXBuildFile; fileRef = 041BF109154F1DA1009AE6D8 /* accumulator.c */; };
		DB197C97161B21AC009EA096 /* bubblemon.c in Sources */ = {isa = PBXBuildFile; fileRef = 04DCE75D154D644700C3C4FD /* bubblemon.c */; };
		DB197C98161B21AC009EA096 /* osx-meter.c in Sources */ = {isa = PBXBuildFile; fileRef = 04DCE75F154D670700C3C4FD /* osx-meter.c */; };
		DB197CC8161B239A009EA096 /* AppDelegate.swift in Sources */ = {isa = PBXBuildFile; fileRef = DB197CC7161B239A009EA096 /* AppDelegate.swift */; };
		DB197CCB161B239A009EA096 /* MainMenu.xib in Resources */ = {isa = PBXBuildFile; fileRef = DB197CC9161B239A009EA096 /* MainMenu.xib */; };
		DB197CCF161B23A6009EA096 /* dynamic-accumulator.c in Sources */ = {isa = PBXBuildFile; fileRef = 0420B9FB1575431100A7B26C /* dynamic-accumulator.c */; };
		DB197CD0161B23A6009EA096 /* accumulator.c in Sources */ = {isa = PBXBuildFile; fileRef = 041BF109154F1DA1009AE6D8 /* accumulator.c */; };
		DB197CD1161B23A6009EA096 /* bubblemon.c in Sources */ = {isa = PBXBuildFile; fileRef = 04DCE75D154D644700C3C4FD /* bubblemon.c */; };
		DB197CD2161B23A6009EA096 /* osx-meter.c in Sources */ = {isa = PBXBuildFile; fileRef = 04DCE75F154D670700C3C4FD /* osx-meter.c */; };
		DB2AF26A1F75118100D8D0D9 /* AppDelegate.swift in Sources */ = {isa = PBXBuildFile; fileRef = DB2AF2691F75118100D8D0D9 /* AppDelegate.swift */; };
		DB2AF26C1F75118100D8D0D9 /* Assets.xcassets in Resources */ = {isa = PBXBuildFile; fileRef = DB2AF26B1F75118100D8D0D9 /* Assets.xcassets */; };
		DB2AF2761F7512CF00D8D0D9 /* dynamic-accumulator.c in Sources */ = {isa = PBXBuildFile; fileRef = 0420B9FB1575431100A7B26C /* dynamic-accumulator.c */; };
		DB2AF2771F7512CF00D8D0D9 /* accumulator.c in Sources */ = {isa = PBXBuildFile; fileRef = 041BF109154F1DA1009AE6D8 /* accumulator.c */; };
		DB2AF2781F7512CF00D8D0D9 /* bubblemon.c in Sources */ = {isa = PBXBuildFile; fileRef = 04DCE75D154D644700C3C4FD /* bubblemon.c */; };
		DB2AF2791F7512CF00D8D0D9 /* osx-meter.c in Sources */ = {isa = PBXBuildFile; fileRef = 04DCE75F154D670700C3C4FD /* osx-meter.c */; };
		DB2AF27B1F7512EE00D8D0D9 /* window-frame.png in Resources */ = {isa = PBXBuildFile; fileRef = 0483188316218F5400B4E13F /* window-frame.png */; };
		DB2AF27D1F75374100D8D0D9 /* ViewController.swift in Sources */ = {isa = PBXBuildFile; fileRef = DB2AF27C1F75374100D8D0D9 /* ViewController.swift */; };
		DB2AF27F1F75377B00D8D0D9 /* WindowController.swift in Sources */ = {isa = PBXBuildFile; fileRef = DB2AF27E1F75377B00D8D0D9 /* WindowController.swift */; };
		DB2AF2831F753A5000D8D0D9 /* Main.storyboard in Resources */ = {isa = PBXBuildFile; fileRef = DB2AF2811F753A5000D8D0D9 /* Main.storyboard */; };
		DB2AF28A1F7548AC00D8D0D9 /* BubblemonView.swift in Sources */ = {isa = PBXBuildFile; fileRef = 041BF105154DAEED009AE6D8 /* BubblemonView.swift */; };
		DB56566E1F9A180000E47EE1 /* MainMenu.xib in Resources */ = {isa = PBXBuildFile; fileRef = DBAFB9A11F99F168004FDA2D /* MainMenu.xib */; };
		DB6C6E211F6280D400CFE8D4 /* BubblemonView.swift in Sources */ = {isa = PBXBuildFile; fileRef = 041BF105154DAEED009AE6D8 /* BubblemonView.swift */; };
		DB6C6E221F6280DC00CFE8D4 /* BubblemonView.swift in Sources */ = {isa = PBXBuildFile; fileRef = 041BF105154DAEED009AE6D8 /* BubblemonView.swift */; };
		DB6C6E231F6280E300CFE8D4 /* BubblemonView.swift in Sources */ = {isa = PBXBuildFile; fileRef = 041BF105154DAEED009AE6D8 /* BubblemonView.swift */; };
		DBA6DF6B19F784DC00A0B2E6 /* IOKit.framework in Frameworks */ = {isa = PBXBuildFile; fileRef = 0420B9FE1576A9B600A7B26C /* IOKit.framework */; };
		DBAFB9AA1F99F1F6004FDA2D /* icon.png.icns in Resources */ = {isa = PBXBuildFile; fileRef = 047776D91D8D83E30042312F /* icon.png.icns */; };
		DBAFB9AF1F99F470004FDA2D /* AppDelegate.swift in Sources */ = {isa = PBXBuildFile; fileRef = DBAFB9AB1F99F470004FDA2D /* AppDelegate.swift */; };
		DBAFB9B61F99F5BB004FDA2D /* ServiceManagement.framework in Frameworks */ = {isa = PBXBuildFile; fileRef = DBAFB9B51F99F5BB004FDA2D /* ServiceManagement.framework */; };
		DBAFB9B81F99F6BC004FDA2D /* Bubblemon TouchBar Helper.app in CopyFiles */ = {isa = PBXBuildFile; fileRef = DBD1D09A1F877ED500447FF5 /* Bubblemon TouchBar Helper.app */; settings = {ATTRIBUTES = (RemoveHeadersOnCopy, ); }; };
		DBD1D09D1F877ED500447FF5 /* AppDelegate.swift in Sources */ = {isa = PBXBuildFile; fileRef = DBD1D09C1F877ED500447FF5 /* AppDelegate.swift */; };
		DBD1D0A21F877ED500447FF5 /* MainMenu.xib in Resources */ = {isa = PBXBuildFile; fileRef = DBD1D0A01F877ED500447FF5 /* MainMenu.xib */; };
		DBD1D0AE1F87A40400447FF5 /* window-frame.png in Resources */ = {isa = PBXBuildFile; fileRef = 0483188316218F5400B4E13F /* window-frame.png */; };
		DBD1D0AF1F87A43000447FF5 /* BubblemonView.swift in Sources */ = {isa = PBXBuildFile; fileRef = 041BF105154DAEED009AE6D8 /* BubblemonView.swift */; };
		DBD1D0B01F87A43C00447FF5 /* dynamic-accumulator.c in Sources */ = {isa = PBXBuildFile; fileRef = 0420B9FB1575431100A7B26C /* dynamic-accumulator.c */; };
		DBD1D0B11F87A43C00447FF5 /* accumulator.c in Sources */ = {isa = PBXBuildFile; fileRef = 041BF109154F1DA1009AE6D8 /* accumulator.c */; };
		DBD1D0B21F87A43C00447FF5 /* bubblemon.c in Sources */ = {isa = PBXBuildFile; fileRef = 04DCE75D154D644700C3C4FD /* bubblemon.c */; };
		DBD1D0B31F87A43C00447FF5 /* osx-meter.c in Sources */ = {isa = PBXBuildFile; fileRef = 04DCE75F154D670700C3C4FD /* osx-meter.c */; };
		DBD1D0B51F87A6E300447FF5 /* DFRFoundation.framework in Frameworks */ = {isa = PBXBuildFile; fileRef = DBD1D0B41F87A6E300447FF5 /* DFRFoundation.framework */; };
/* End PBXBuildFile section */

/* Begin PBXContainerItemProxy section */
		DB197C82161B0ECB009EA096 /* PBXContainerItemProxy */ = {
			isa = PBXContainerItemProxy;
			containerPortal = 04E3648F154D613F002BC8DD /* Project object */;
			proxyType = 1;
			remoteGlobalIDString = DB197C74161B0EB4009EA096;
			remoteInfo = "Bubblemon Dock Tile Plugin";
		};
		DB56566F1F9A277600E47EE1 /* PBXContainerItemProxy */ = {
			isa = PBXContainerItemProxy;
			containerPortal = 04E3648F154D613F002BC8DD /* Project object */;
			proxyType = 1;
			remoteGlobalIDString = DBD1D0991F877ED500447FF5;
			remoteInfo = "Bubblemon TouchBar Helper";
		};
/* End PBXContainerItemProxy section */

/* Begin PBXCopyFilesBuildPhase section */
		DB197C84161B0ED3009EA096 /* CopyFiles */ = {
			isa = PBXCopyFilesBuildPhase;
			buildActionMask = 2147483647;
			dstPath = Contents/PlugIns;
			dstSubfolderSpec = 1;
			files = (
				DB197C85161B0EE7009EA096 /* Bubblemon Dock Tile Plugin.docktileplugin in CopyFiles */,
			);
			runOnlyForDeploymentPostprocessing = 0;
		};
		DBAFB9B71F99F684004FDA2D /* CopyFiles */ = {
			isa = PBXCopyFilesBuildPhase;
			buildActionMask = 2147483647;
			dstPath = Contents/Library/LoginItems;
			dstSubfolderSpec = 1;
			files = (
				DBAFB9B81F99F6BC004FDA2D /* Bubblemon TouchBar Helper.app in CopyFiles */,
			);
			runOnlyForDeploymentPostprocessing = 0;
		};
/* End PBXCopyFilesBuildPhase section */

/* Begin PBXFileReference section */
		04063A9B1F8C110B005E5218 /* set-plist-metadata.sh */ = {isa = PBXFileReference; lastKnownFileType = text.script.sh; path = "set-plist-metadata.sh"; sourceTree = "<group>"; };
		041BF105154DAEED009AE6D8 /* BubblemonView.swift */ = {isa = PBXFileReference; fileEncoding = 4; lastKnownFileType = sourcecode.swift; path = BubblemonView.swift; sourceTree = "<group>"; };
		041BF109154F1DA1009AE6D8 /* accumulator.c */ = {isa = PBXFileReference; lastKnownFileType = sourcecode.c.c; name = accumulator.c; path = ../src/accumulator.c; sourceTree = "<group>"; };
		0420B9FB1575431100A7B26C /* dynamic-accumulator.c */ = {isa = PBXFileReference; lastKnownFileType = sourcecode.c.c; name = "dynamic-accumulator.c"; path = "../src/dynamic-accumulator.c"; sourceTree = "<group>"; };
		0420B9FE1576A9B600A7B26C /* IOKit.framework */ = {isa = PBXFileReference; lastKnownFileType = wrapper.framework; name = IOKit.framework; path = System/Library/Frameworks/IOKit.framework; sourceTree = SDKROOT; };
		047776D91D8D83E30042312F /* icon.png.icns */ = {isa = PBXFileReference; lastKnownFileType = image.icns; name = icon.png.icns; path = ../pixmaps/icon.png.icns; sourceTree = "<group>"; };
		0483188316218F5400B4E13F /* window-frame.png */ = {isa = PBXFileReference; lastKnownFileType = image.png; path = "window-frame.png"; sourceTree = "<group>"; };
		04AB5FB71F893FBE005EB52F /* applePrivateHelpers.h */ = {isa = PBXFileReference; lastKnownFileType = sourcecode.c.h; path = applePrivateHelpers.h; sourceTree = "<group>"; };
		04AB5FB81F89409D005EB52F /* applePrivateHelpers.m */ = {isa = PBXFileReference; lastKnownFileType = sourcecode.c.objc; path = applePrivateHelpers.m; sourceTree = "<group>"; };
		04DAF91B25CE739300B06E06 /* Bubblemon StatusItem.app */ = {isa = PBXFileReference; explicitFileType = wrapper.application; includeInIndex = 0; path = "Bubblemon StatusItem.app"; sourceTree = BUILT_PRODUCTS_DIR; };
		04DAF91D25CE739300B06E06 /* AppDelegate.swift */ = {isa = PBXFileReference; lastKnownFileType = sourcecode.swift; path = AppDelegate.swift; sourceTree = "<group>"; };
		04DAF92625CE739300B06E06 /* Info.plist */ = {isa = PBXFileReference; lastKnownFileType = text.plist.xml; path = Info.plist; sourceTree = "<group>"; };
		04DAF97F25CEEEBF00B06E06 /* MainMenu.xib */ = {isa = PBXFileReference; lastKnownFileType = file.xib; path = MainMenu.xib; sourceTree = "<group>"; };
		04DCE75D154D644700C3C4FD /* bubblemon.c */ = {isa = PBXFileReference; lastKnownFileType = sourcecode.c.c; name = bubblemon.c; path = ../src/bubblemon.c; sourceTree = "<group>"; };
		04DCE75F154D670700C3C4FD /* osx-meter.c */ = {isa = PBXFileReference; fileEncoding = 4; lastKnownFileType = sourcecode.c.c; path = "osx-meter.c"; sourceTree = "<group>"; };
		04E36498154D613F002BC8DD /* Bubblemon.app */ = {isa = PBXFileReference; explicitFileType = wrapper.application; includeInIndex = 0; path = Bubblemon.app; sourceTree = BUILT_PRODUCTS_DIR; };
		04E3649C154D613F002BC8DD /* Cocoa.framework */ = {isa = PBXFileReference; lastKnownFileType = wrapper.framework; name = Cocoa.framework; path = System/Library/Frameworks/Cocoa.framework; sourceTree = SDKROOT; };
		04E3649F154D613F002BC8DD /* AppKit.framework */ = {isa = PBXFileReference; lastKnownFileType = wrapper.framework; name = AppKit.framework; path = System/Library/Frameworks/AppKit.framework; sourceTree = SDKROOT; };
		04E364A0154D613F002BC8DD /* CoreData.framework */ = {isa = PBXFileReference; lastKnownFileType = wrapper.framework; name = CoreData.framework; path = System/Library/Frameworks/CoreData.framework; sourceTree = SDKROOT; };
		04E364A1154D613F002BC8DD /* Foundation.framework */ = {isa = PBXFileReference; lastKnownFileType = wrapper.framework; name = Foundation.framework; path = System/Library/Frameworks/Foundation.framework; sourceTree = SDKROOT; };
		04E364A4154D613F002BC8DD /* Info.plist */ = {isa = PBXFileReference; lastKnownFileType = text.plist.xml; path = Info.plist; sourceTree = "<group>"; };
		04E364A8154D613F002BC8DD /* main.swift */ = {isa = PBXFileReference; lastKnownFileType = sourcecode.swift; path = main.swift; sourceTree = "<group>"; };
		04E364AE154D613F002BC8DD /* AppDelegate.swift */ = {isa = PBXFileReference; lastKnownFileType = sourcecode.swift; path = AppDelegate.swift; sourceTree = "<group>"; };
		DB197C75161B0EB4009EA096 /* Bubblemon Dock Tile Plugin.docktileplugin */ = {isa = PBXFileReference; explicitFileType = wrapper.cfbundle; includeInIndex = 0; path = "Bubblemon Dock Tile Plugin.docktileplugin"; sourceTree = BUILT_PRODUCTS_DIR; };
		DB197C79161B0EB4009EA096 /* Info.plist */ = {isa = PBXFileReference; lastKnownFileType = text.plist.xml; path = Info.plist; sourceTree = "<group>"; };
		DB197CB7161B239A009EA096 /* BubblemonWindow.app */ = {isa = PBXFileReference; explicitFileType = wrapper.application; includeInIndex = 0; path = BubblemonWindow.app; sourceTree = BUILT_PRODUCTS_DIR; };
		DB197CBC161B239A009EA096 /* Info.plist */ = {isa = PBXFileReference; lastKnownFileType = text.plist.xml; path = Info.plist; sourceTree = "<group>"; };
		DB197CC7161B239A009EA096 /* AppDelegate.swift */ = {isa = PBXFileReference; lastKnownFileType = sourcecode.swift; path = AppDelegate.swift; sourceTree = "<group>"; };
		DB197CCA161B239A009EA096 /* en */ = {isa = PBXFileReference; lastKnownFileType = file.xib; name = en; path = en.lproj/MainMenu.xib; sourceTree = "<group>"; };
		DB2AF2671F75118100D8D0D9 /* BubblemonTouchBarWindow.app */ = {isa = PBXFileReference; explicitFileType = wrapper.application; includeInIndex = 0; path = BubblemonTouchBarWindow.app; sourceTree = BUILT_PRODUCTS_DIR; };
		DB2AF2691F75118100D8D0D9 /* AppDelegate.swift */ = {isa = PBXFileReference; lastKnownFileType = sourcecode.swift; path = AppDelegate.swift; sourceTree = "<group>"; };
		DB2AF26B1F75118100D8D0D9 /* Assets.xcassets */ = {isa = PBXFileReference; lastKnownFileType = folder.assetcatalog; path = Assets.xcassets; sourceTree = "<group>"; };
		DB2AF2701F75118100D8D0D9 /* Info.plist */ = {isa = PBXFileReference; lastKnownFileType = text.plist.xml; path = Info.plist; sourceTree = "<group>"; };
		DB2AF27C1F75374100D8D0D9 /* ViewController.swift */ = {isa = PBXFileReference; lastKnownFileType = sourcecode.swift; path = ViewController.swift; sourceTree = "<group>"; };
		DB2AF27E1F75377B00D8D0D9 /* WindowController.swift */ = {isa = PBXFileReference; lastKnownFileType = sourcecode.swift; path = WindowController.swift; sourceTree = "<group>"; };
		DB2AF2821F753A5000D8D0D9 /* Base */ = {isa = PBXFileReference; lastKnownFileType = file.storyboard; name = Base; path = Base.lproj/Main.storyboard; sourceTree = "<group>"; };
		DB6C6E251F62870700CFE8D4 /* Bubblemon-Bridging-Header.h */ = {isa = PBXFileReference; lastKnownFileType = sourcecode.c.h; path = "Bubblemon-Bridging-Header.h"; sourceTree = "<group>"; };
		DB7C5EED1F5E749E00CE84F2 /* libswiftAppKit.tbd */ = {isa = PBXFileReference; lastKnownFileType = "sourcecode.text-based-dylib-definition"; name = libswiftAppKit.tbd; path = System/Library/PrivateFrameworks/Swift/libswiftAppKit.tbd; sourceTree = SDKROOT; };
		DBAFB99B1F99F168004FDA2D /* Bubblemon TouchBar.app */ = {isa = PBXFileReference; explicitFileType = wrapper.application; includeInIndex = 0; path = "Bubblemon TouchBar.app"; sourceTree = BUILT_PRODUCTS_DIR; };
		DBAFB9A21F99F168004FDA2D /* Base */ = {isa = PBXFileReference; lastKnownFileType = file.xib; name = Base; path = Base.lproj/MainMenu.xib; sourceTree = "<group>"; };
		DBAFB9AB1F99F470004FDA2D /* AppDelegate.swift */ = {isa = PBXFileReference; fileEncoding = 4; lastKnownFileType = sourcecode.swift; path = AppDelegate.swift; sourceTree = "<group>"; };
		DBAFB9AE1F99F470004FDA2D /* Info.plist */ = {isa = PBXFileReference; fileEncoding = 4; lastKnownFileType = text.plist.xml; path = Info.plist; sourceTree = "<group>"; };
		DBAFB9B51F99F5BB004FDA2D /* ServiceManagement.framework */ = {isa = PBXFileReference; lastKnownFileType = wrapper.framework; name = ServiceManagement.framework; path = System/Library/Frameworks/ServiceManagement.framework; sourceTree = SDKROOT; };
		DBD1D09A1F877ED500447FF5 /* Bubblemon TouchBar Helper.app */ = {isa = PBXFileReference; explicitFileType = wrapper.application; includeInIndex = 0; path = "Bubblemon TouchBar Helper.app"; sourceTree = BUILT_PRODUCTS_DIR; };
		DBD1D09C1F877ED500447FF5 /* AppDelegate.swift */ = {isa = PBXFileReference; lastKnownFileType = sourcecode.swift; path = AppDelegate.swift; sourceTree = "<group>"; };
		DBD1D0A11F877ED500447FF5 /* Base */ = {isa = PBXFileReference; lastKnownFileType = file.xib; name = Base; path = Base.lproj/MainMenu.xib; sourceTree = "<group>"; };
		DBD1D0A31F877ED500447FF5 /* Info.plist */ = {isa = PBXFileReference; lastKnownFileType = text.plist.xml; path = Info.plist; sourceTree = "<group>"; };
		DBD1D0B41F87A6E300447FF5 /* DFRFoundation.framework */ = {isa = PBXFileReference; lastKnownFileType = wrapper.framework; name = DFRFoundation.framework; path = ../../../../../System/Library/PrivateFrameworks/DFRFoundation.framework; sourceTree = "<group>"; };
/* End PBXFileReference section */

/* Begin PBXFrameworksBuildPhase section */
		04DAF91825CE739300B06E06 /* Frameworks */ = {
			isa = PBXFrameworksBuildPhase;
			buildActionMask = 2147483647;
			files = (
			);
			runOnlyForDeploymentPostprocessing = 0;
		};
		04E36495154D613F002BC8DD /* Frameworks */ = {
			isa = PBXFrameworksBuildPhase;
			buildActionMask = 2147483647;
			files = (
				DBA6DF6B19F784DC00A0B2E6 /* IOKit.framework in Frameworks */,
				04E3649D154D613F002BC8DD /* Cocoa.framework in Frameworks */,
			);
			runOnlyForDeploymentPostprocessing = 0;
		};
		DB197C72161B0EB4009EA096 /* Frameworks */ = {
			isa = PBXFrameworksBuildPhase;
			buildActionMask = 2147483647;
			files = (
				DB197C93161B117F009EA096 /* IOKit.framework in Frameworks */,
				DB197C76161B0EB4009EA096 /* Cocoa.framework in Frameworks */,
			);
			runOnlyForDeploymentPostprocessing = 0;
		};
		DB197CB4161B239A009EA096 /* Frameworks */ = {
			isa = PBXFrameworksBuildPhase;
			buildActionMask = 2147483647;
			files = (
			);
			runOnlyForDeploymentPostprocessing = 0;
		};
		DB2AF2641F75118100D8D0D9 /* Frameworks */ = {
			isa = PBXFrameworksBuildPhase;
			buildActionMask = 2147483647;
			files = (
			);
			runOnlyForDeploymentPostprocessing = 0;
		};
		DBAFB9981F99F168004FDA2D /* Frameworks */ = {
			isa = PBXFrameworksBuildPhase;
			buildActionMask = 2147483647;
			files = (
				DBAFB9B61F99F5BB004FDA2D /* ServiceManagement.framework in Frameworks */,
			);
			runOnlyForDeploymentPostprocessing = 0;
		};
		DBD1D0971F877ED500447FF5 /* Frameworks */ = {
			isa = PBXFrameworksBuildPhase;
			buildActionMask = 2147483647;
			files = (
				DBD1D0B51F87A6E300447FF5 /* DFRFoundation.framework in Frameworks */,
			);
			runOnlyForDeploymentPostprocessing = 0;
		};
/* End PBXFrameworksBuildPhase section */

/* Begin PBXGroup section */
		04DAF91C25CE739300B06E06 /* Bubblemon StatusItem */ = {
			isa = PBXGroup;
			children = (
				04DAF91D25CE739300B06E06 /* AppDelegate.swift */,
				04DAF92625CE739300B06E06 /* Info.plist */,
				04DAF97F25CEEEBF00B06E06 /* MainMenu.xib */,
			);
			path = "Bubblemon StatusItem";
			sourceTree = "<group>";
		};
		04E3648D154D613F002BC8DD = {
			isa = PBXGroup;
			children = (
				04063A9B1F8C110B005E5218 /* set-plist-metadata.sh */,
				DB6C6E251F62870700CFE8D4 /* Bubblemon-Bridging-Header.h */,
				041BF109154F1DA1009AE6D8 /* accumulator.c */,
				04DCE75D154D644700C3C4FD /* bubblemon.c */,
				0420B9FB1575431100A7B26C /* dynamic-accumulator.c */,
				04DCE75F154D670700C3C4FD /* osx-meter.c */,
				04AB5FB71F893FBE005EB52F /* applePrivateHelpers.h */,
				04AB5FB81F89409D005EB52F /* applePrivateHelpers.m */,
				041BF105154DAEED009AE6D8 /* BubblemonView.swift */,
				047776D91D8D83E30042312F /* icon.png.icns */,
				0483188316218F5400B4E13F /* window-frame.png */,
				04E364A2154D613F002BC8DD /* bubblemon */,
				DB197CBA161B239A009EA096 /* BubblemonWindow */,
				DBAFB99C1F99F168004FDA2D /* Bubblemon TouchBar */,
				DB2AF2681F75118100D8D0D9 /* BubblemonTouchBarWindow */,
				DBD1D09B1F877ED500447FF5 /* Bubblemon TouchBar Helper */,
				DB197C77161B0EB4009EA096 /* Bubblemon Dock Tile Plugin */,
				04DAF91C25CE739300B06E06 /* Bubblemon StatusItem */,
				04E3649B154D613F002BC8DD /* Frameworks */,
				04E36499154D613F002BC8DD /* Products */,
			);
			sourceTree = "<group>";
		};
		04E36499154D613F002BC8DD /* Products */ = {
			isa = PBXGroup;
			children = (
				04E36498154D613F002BC8DD /* Bubblemon.app */,
				DB197C75161B0EB4009EA096 /* Bubblemon Dock Tile Plugin.docktileplugin */,
				DB197CB7161B239A009EA096 /* BubblemonWindow.app */,
				DB2AF2671F75118100D8D0D9 /* BubblemonTouchBarWindow.app */,
				DBD1D09A1F877ED500447FF5 /* Bubblemon TouchBar Helper.app */,
				DBAFB99B1F99F168004FDA2D /* Bubblemon TouchBar.app */,
				04DAF91B25CE739300B06E06 /* Bubblemon StatusItem.app */,
			);
			name = Products;
			sourceTree = "<group>";
		};
		04E3649B154D613F002BC8DD /* Frameworks */ = {
			isa = PBXGroup;
			children = (
				DBAFB9B51F99F5BB004FDA2D /* ServiceManagement.framework */,
				DBD1D0B41F87A6E300447FF5 /* DFRFoundation.framework */,
				DB7C5EED1F5E749E00CE84F2 /* libswiftAppKit.tbd */,
				04E3649C154D613F002BC8DD /* Cocoa.framework */,
				04E3649E154D613F002BC8DD /* Other Frameworks */,
			);
			name = Frameworks;
			sourceTree = "<group>";
		};
		04E3649E154D613F002BC8DD /* Other Frameworks */ = {
			isa = PBXGroup;
			children = (
				0420B9FE1576A9B600A7B26C /* IOKit.framework */,
				04E3649F154D613F002BC8DD /* AppKit.framework */,
				04E364A0154D613F002BC8DD /* CoreData.framework */,
				04E364A1154D613F002BC8DD /* Foundation.framework */,
			);
			name = "Other Frameworks";
			sourceTree = "<group>";
		};
		04E364A2154D613F002BC8DD /* bubblemon */ = {
			isa = PBXGroup;
			children = (
				04E364AE154D613F002BC8DD /* AppDelegate.swift */,
				04E364A8154D613F002BC8DD /* main.swift */,
				04E364A4154D613F002BC8DD /* Info.plist */,
			);
			path = bubblemon;
			sourceTree = "<group>";
		};
		DB197C77161B0EB4009EA096 /* Bubblemon Dock Tile Plugin */ = {
			isa = PBXGroup;
			children = (
				DB197C79161B0EB4009EA096 /* Info.plist */,
			);
			path = "Bubblemon Dock Tile Plugin";
			sourceTree = "<group>";
		};
		DB197CBA161B239A009EA096 /* BubblemonWindow */ = {
			isa = PBXGroup;
			children = (
				DB197CC7161B239A009EA096 /* AppDelegate.swift */,
				DB197CC9161B239A009EA096 /* MainMenu.xib */,
				DB197CBC161B239A009EA096 /* Info.plist */,
			);
			path = BubblemonWindow;
			sourceTree = "<group>";
		};
		DB2AF2681F75118100D8D0D9 /* BubblemonTouchBarWindow */ = {
			isa = PBXGroup;
			children = (
				DB2AF2811F753A5000D8D0D9 /* Main.storyboard */,
				DB2AF2691F75118100D8D0D9 /* AppDelegate.swift */,
				DB2AF27C1F75374100D8D0D9 /* ViewController.swift */,
				DB2AF27E1F75377B00D8D0D9 /* WindowController.swift */,
				DB2AF26B1F75118100D8D0D9 /* Assets.xcassets */,
				DB2AF2701F75118100D8D0D9 /* Info.plist */,
			);
			path = BubblemonTouchBarWindow;
			sourceTree = "<group>";
		};
		DBAFB99C1F99F168004FDA2D /* Bubblemon TouchBar */ = {
			isa = PBXGroup;
			children = (
				DBAFB9AB1F99F470004FDA2D /* AppDelegate.swift */,
				DBAFB9AE1F99F470004FDA2D /* Info.plist */,
				DBAFB9A11F99F168004FDA2D /* MainMenu.xib */,
			);
			path = "Bubblemon TouchBar";
			sourceTree = "<group>";
		};
		DBD1D09B1F877ED500447FF5 /* Bubblemon TouchBar Helper */ = {
			isa = PBXGroup;
			children = (
				DBD1D09C1F877ED500447FF5 /* AppDelegate.swift */,
				DBD1D0A01F877ED500447FF5 /* MainMenu.xib */,
				DBD1D0A31F877ED500447FF5 /* Info.plist */,
			);
			path = "Bubblemon TouchBar Helper";
			sourceTree = "<group>";
		};
/* End PBXGroup section */

/* Begin PBXNativeTarget section */
		04DAF91A25CE739300B06E06 /* Bubblemon StatusItem */ = {
			isa = PBXNativeTarget;
			buildConfigurationList = 04DAF92A25CE739300B06E06 /* Build configuration list for PBXNativeTarget "Bubblemon StatusItem" */;
			buildPhases = (
				04DAF91725CE739300B06E06 /* Sources */,
				04DAF91825CE739300B06E06 /* Frameworks */,
				04DAF91925CE739300B06E06 /* Resources */,
			);
			buildRules = (
			);
			dependencies = (
			);
			name = "Bubblemon StatusItem";
			productName = "Bubblemon StatusItem";
			productReference = 04DAF91B25CE739300B06E06 /* Bubblemon StatusItem.app */;
			productType = "com.apple.product-type.application";
		};
		04E36497154D613F002BC8DD /* Bubblemon */ = {
			isa = PBXNativeTarget;
			buildConfigurationList = 04E364B6154D613F002BC8DD /* Build configuration list for PBXNativeTarget "Bubblemon" */;
			buildPhases = (
				04E36494154D613F002BC8DD /* Sources */,
				04E36495154D613F002BC8DD /* Frameworks */,
				04E36496154D613F002BC8DD /* Resources */,
				DBB0A7FF19E66EF2006103D8 /* Set info.plist metadata */,
				DBB0A7FE19E66797006103D8 /* Set Plugin Copyright */,
				DB197C84161B0ED3009EA096 /* CopyFiles */,
			);
			buildRules = (
			);
			dependencies = (
				DB197C83161B0ECB009EA096 /* PBXTargetDependency */,
			);
			name = Bubblemon;
			productName = bubblemon;
			productReference = 04E36498154D613F002BC8DD /* Bubblemon.app */;
			productType = "com.apple.product-type.application";
		};
		DB197C74161B0EB4009EA096 /* Bubblemon Dock Tile Plugin */ = {
			isa = PBXNativeTarget;
			buildConfigurationList = DB197C80161B0EB4009EA096 /* Build configuration list for PBXNativeTarget "Bubblemon Dock Tile Plugin" */;
			buildPhases = (
				DB197C71161B0EB4009EA096 /* Sources */,
				DB197C72161B0EB4009EA096 /* Frameworks */,
				DB197C73161B0EB4009EA096 /* Resources */,
				DBB0A7FB19E56BDA006103D8 /* Set info.plist metadata */,
			);
			buildRules = (
			);
			dependencies = (
			);
			name = "Bubblemon Dock Tile Plugin";
			productName = "Bubblemon Dock Tile Plugin";
			productReference = DB197C75161B0EB4009EA096 /* Bubblemon Dock Tile Plugin.docktileplugin */;
			productType = "com.apple.product-type.bundle";
		};
		DB197CB6161B239A009EA096 /* BubblemonWindow */ = {
			isa = PBXNativeTarget;
			buildConfigurationList = DB197CCC161B239A009EA096 /* Build configuration list for PBXNativeTarget "BubblemonWindow" */;
			buildPhases = (
				DB197CB3161B239A009EA096 /* Sources */,
				DB197CB4161B239A009EA096 /* Frameworks */,
				DB197CB5161B239A009EA096 /* Resources */,
				04BD0B5423C38BDD00709832 /* Set info.plist metadata */,
			);
			buildRules = (
			);
			dependencies = (
			);
			name = BubblemonWindow;
			productName = BubblemonWindow;
			productReference = DB197CB7161B239A009EA096 /* BubblemonWindow.app */;
			productType = "com.apple.product-type.application";
		};
		DB2AF2661F75118100D8D0D9 /* BubblemonTouchBarWindow */ = {
			isa = PBXNativeTarget;
			buildConfigurationList = DB2AF2721F75118100D8D0D9 /* Build configuration list for PBXNativeTarget "BubblemonTouchBarWindow" */;
			buildPhases = (
				DB2AF2631F75118100D8D0D9 /* Sources */,
				DB2AF2641F75118100D8D0D9 /* Frameworks */,
				DB2AF2651F75118100D8D0D9 /* Resources */,
			);
			buildRules = (
			);
			dependencies = (
			);
			name = BubblemonTouchBarWindow;
			productName = BubblemonTouchBarWindow;
			productReference = DB2AF2671F75118100D8D0D9 /* BubblemonTouchBarWindow.app */;
			productType = "com.apple.product-type.application";
		};
		DBAFB99A1F99F168004FDA2D /* Bubblemon TouchBar */ = {
			isa = PBXNativeTarget;
			buildConfigurationList = DBAFB9A61F99F168004FDA2D /* Build configuration list for PBXNativeTarget "Bubblemon TouchBar" */;
			buildPhases = (
				DBAFB9971F99F168004FDA2D /* Sources */,
				DBAFB9981F99F168004FDA2D /* Frameworks */,
				DBAFB9991F99F168004FDA2D /* Resources */,
				DBAFB9A91F99F1CB004FDA2D /* Set Info.plist metadata */,
				DBAFB9B71F99F684004FDA2D /* CopyFiles */,
			);
			buildRules = (
			);
			dependencies = (
				DB5656701F9A277600E47EE1 /* PBXTargetDependency */,
			);
			name = "Bubblemon TouchBar";
			productName = "Bubblemon TouchBar";
			productReference = DBAFB99B1F99F168004FDA2D /* Bubblemon TouchBar.app */;
			productType = "com.apple.product-type.application";
		};
		DBD1D0991F877ED500447FF5 /* Bubblemon TouchBar Helper */ = {
			isa = PBXNativeTarget;
			buildConfigurationList = DBD1D0A71F877ED500447FF5 /* Build configuration list for PBXNativeTarget "Bubblemon TouchBar Helper" */;
			buildPhases = (
				DBD1D0961F877ED500447FF5 /* Sources */,
				DBD1D0971F877ED500447FF5 /* Frameworks */,
				DBD1D0981F877ED500447FF5 /* Resources */,
				04063A9C1F8C1181005E5218 /* Set info.plist metadata */,
			);
			buildRules = (
			);
			dependencies = (
			);
			name = "Bubblemon TouchBar Helper";
			productName = "Bubblemon TouchBar";
			productReference = DBD1D09A1F877ED500447FF5 /* Bubblemon TouchBar Helper.app */;
			productType = "com.apple.product-type.application";
		};
/* End PBXNativeTarget section */

/* Begin PBXProject section */
		04E3648F154D613F002BC8DD /* Project object */ = {
			isa = PBXProject;
			attributes = {
				LastSwiftUpdateCheck = 1240;
				LastUpgradeCheck = 1240;
				TargetAttributes = {
					04DAF91A25CE739300B06E06 = {
						CreatedOnToolsVersion = 12.4;
						ProvisioningStyle = Automatic;
					};
					04E36497154D613F002BC8DD = {
						LastSwiftMigration = 0900;
					};
					DB197C74161B0EB4009EA096 = {
						LastSwiftMigration = 0900;
					};
					DB197CB6161B239A009EA096 = {
						LastSwiftMigration = 0900;
					};
					DB2AF2661F75118100D8D0D9 = {
						CreatedOnToolsVersion = 9.0;
						LastSwiftMigration = 0900;
						ProvisioningStyle = Manual;
						SystemCapabilities = {
							com.apple.Sandbox = {
								enabled = 0;
							};
						};
					};
					DBAFB99A1F99F168004FDA2D = {
						CreatedOnToolsVersion = 9.0.1;
						LastSwiftMigration = 0900;
					};
					DBD1D0991F877ED500447FF5 = {
						CreatedOnToolsVersion = 9.0;
						LastSwiftMigration = 0900;
						ProvisioningStyle = Manual;
					};
				};
			};
			buildConfigurationList = 04E36492154D613F002BC8DD /* Build configuration list for PBXProject "bubblemon" */;
			compatibilityVersion = "Xcode 8.0";
			developmentRegion = en;
			hasScannedForEncodings = 0;
			knownRegions = (
				en,
				Base,
			);
			mainGroup = 04E3648D154D613F002BC8DD;
			productRefGroup = 04E36499154D613F002BC8DD /* Products */;
			projectDirPath = "";
			projectRoot = "";
			targets = (
				04E36497154D613F002BC8DD /* Bubblemon */,
				DB197CB6161B239A009EA096 /* BubblemonWindow */,
				DBAFB99A1F99F168004FDA2D /* Bubblemon TouchBar */,
				DB2AF2661F75118100D8D0D9 /* BubblemonTouchBarWindow */,
				DBD1D0991F877ED500447FF5 /* Bubblemon TouchBar Helper */,
				DB197C74161B0EB4009EA096 /* Bubblemon Dock Tile Plugin */,
				04DAF91A25CE739300B06E06 /* Bubblemon StatusItem */,
			);
		};
/* End PBXProject section */

/* Begin PBXResourcesBuildPhase section */
		04DAF91925CE739300B06E06 /* Resources */ = {
			isa = PBXResourcesBuildPhase;
			buildActionMask = 2147483647;
			files = (
				04DAF98025CEEEBF00B06E06 /* MainMenu.xib in Resources */,
			);
			runOnlyForDeploymentPostprocessing = 0;
		};
		04E36496154D613F002BC8DD /* Resources */ = {
			isa = PBXResourcesBuildPhase;
			buildActionMask = 2147483647;
			files = (
				047776DB1D8E2EE80042312F /* icon.png.icns in Resources */,
				0483188516218FE500B4E13F /* window-frame.png in Resources */,
			);
			runOnlyForDeploymentPostprocessing = 0;
		};
		DB197C73161B0EB4009EA096 /* Resources */ = {
			isa = PBXResourcesBuildPhase;
			buildActionMask = 2147483647;
			files = (
				047776DA1D8D83E30042312F /* icon.png.icns in Resources */,
				04831887162200F700B4E13F /* window-frame.png in Resources */,
			);
			runOnlyForDeploymentPostprocessing = 0;
		};
		DB197CB5161B239A009EA096 /* Resources */ = {
			isa = PBXResourcesBuildPhase;
			buildActionMask = 2147483647;
			files = (
				04BD0B5323C38B7300709832 /* icon.png.icns in Resources */,
				048318861621FFAE00B4E13F /* window-frame.png in Resources */,
				DB197CCB161B239A009EA096 /* MainMenu.xib in Resources */,
			);
			runOnlyForDeploymentPostprocessing = 0;
		};
		DB2AF2651F75118100D8D0D9 /* Resources */ = {
			isa = PBXResourcesBuildPhase;
			buildActionMask = 2147483647;
			files = (
				DB2AF27B1F7512EE00D8D0D9 /* window-frame.png in Resources */,
				DB2AF2831F753A5000D8D0D9 /* Main.storyboard in Resources */,
				DB2AF26C1F75118100D8D0D9 /* Assets.xcassets in Resources */,
			);
			runOnlyForDeploymentPostprocessing = 0;
		};
		DBAFB9991F99F168004FDA2D /* Resources */ = {
			isa = PBXResourcesBuildPhase;
			buildActionMask = 2147483647;
			files = (
				DB56566E1F9A180000E47EE1 /* MainMenu.xib in Resources */,
				DBAFB9AA1F99F1F6004FDA2D /* icon.png.icns in Resources */,
			);
			runOnlyForDeploymentPostprocessing = 0;
		};
		DBD1D0981F877ED500447FF5 /* Resources */ = {
			isa = PBXResourcesBuildPhase;
			buildActionMask = 2147483647;
			files = (
				04063A981F8BFDCD005E5218 /* icon.png.icns in Resources */,
				DBD1D0AE1F87A40400447FF5 /* window-frame.png in Resources */,
				DBD1D0A21F877ED500447FF5 /* MainMenu.xib in Resources */,
			);
			runOnlyForDeploymentPostprocessing = 0;
		};
/* End PBXResourcesBuildPhase section */

/* Begin PBXShellScriptBuildPhase section */
		04063A9C1F8C1181005E5218 /* Set info.plist metadata */ = {
			isa = PBXShellScriptBuildPhase;
			buildActionMask = 2147483647;
			files = (
			);
			inputPaths = (
				"${TARGET_BUILD_DIR}/${INFOPLIST_PATH}",
			);
			name = "Set info.plist metadata";
			outputPaths = (
			);
			runOnlyForDeploymentPostprocessing = 0;
			shellPath = /bin/sh;
			shellScript = "$SRCROOT/set-plist-metadata.sh\n";
		};
		04BD0B5423C38BDD00709832 /* Set info.plist metadata */ = {
			isa = PBXShellScriptBuildPhase;
			buildActionMask = 2147483647;
			files = (
			);
			inputFileListPaths = (
			);
			inputPaths = (
				"${TARGET_BUILD_DIR}/${INFOPLIST_PATH}",
			);
			name = "Set info.plist metadata";
			outputFileListPaths = (
			);
			outputPaths = (
			);
			runOnlyForDeploymentPostprocessing = 0;
			shellPath = /bin/sh;
			shellScript = "$SRCROOT/set-plist-metadata.sh\n";
		};
		DBAFB9A91F99F1CB004FDA2D /* Set Info.plist metadata */ = {
			isa = PBXShellScriptBuildPhase;
			buildActionMask = 2147483647;
			files = (
			);
			inputPaths = (
				"${TARGET_BUILD_DIR}/${INFOPLIST_PATH}",
			);
			name = "Set Info.plist metadata";
			outputPaths = (
			);
			runOnlyForDeploymentPostprocessing = 0;
			shellPath = /bin/sh;
			shellScript = "$SRCROOT/set-plist-metadata.sh\n";
		};
		DBB0A7FB19E56BDA006103D8 /* Set info.plist metadata */ = {
			isa = PBXShellScriptBuildPhase;
			buildActionMask = 2147483647;
			files = (
			);
			inputPaths = (
				"${TARGET_BUILD_DIR}/${INFOPLIST_PATH}",
			);
			name = "Set info.plist metadata";
			outputPaths = (
			);
			runOnlyForDeploymentPostprocessing = 0;
			shellPath = /bin/sh;
			shellScript = "$SRCROOT/set-plist-metadata.sh\n";
		};
		DBB0A7FE19E66797006103D8 /* Set Plugin Copyright */ = {
			isa = PBXShellScriptBuildPhase;
			buildActionMask = 2147483647;
			files = (
			);
			inputPaths = (
				"${TARGET_BUILD_DIR}/${INFOPLIST_PATH}",
			);
			name = "Set Plugin Copyright";
			outputPaths = (
			);
			runOnlyForDeploymentPostprocessing = 0;
			shellPath = /bin/bash;
			shellScript = "# Copy Copyright info from main bundle into plugin\n\nset -e\nset -x\n\nSRC_INFO_PLIST=\"${TARGET_BUILD_DIR}/${INFOPLIST_PATH}\"\nCOPYRIGHT=\"$(/usr/libexec/PlistBuddy -c 'Print :NSHumanReadableCopyright' \"${SRC_INFO_PLIST}\")\"\n\nDST_INFO_PLIST=\"${TARGET_BUILD_DIR}/Bubblemon Dock Tile Plugin.docktileplugin/Contents/Info.plist\"\n/usr/libexec/PlistBuddy -c \"Add :NSHumanReadableCopyright string \\\"$COPYRIGHT\\\"\" \"${DST_INFO_PLIST}\" ||\n  /usr/libexec/PlistBuddy -c \"Set :NSHumanReadableCopyright \\\"$COPYRIGHT\\\"\" \"${DST_INFO_PLIST}\"\n\nINFO_PLIST=${DST_INFO_PLIST} $SRCROOT/set-plist-metadata.sh\n";
		};
		DBB0A7FF19E66EF2006103D8 /* Set info.plist metadata */ = {
			isa = PBXShellScriptBuildPhase;
			buildActionMask = 2147483647;
			files = (
			);
			inputPaths = (
				"${TARGET_BUILD_DIR}/${INFOPLIST_PATH}",
			);
			name = "Set info.plist metadata";
			outputPaths = (
			);
			runOnlyForDeploymentPostprocessing = 0;
			shellPath = /bin/sh;
			shellScript = "$SRCROOT/set-plist-metadata.sh\n";
		};
/* End PBXShellScriptBuildPhase section */

/* Begin PBXSourcesBuildPhase section */
		04DAF91725CE739300B06E06 /* Sources */ = {
			isa = PBXSourcesBuildPhase;
			buildActionMask = 2147483647;
			files = (
				0469575925CFC49500103A96 /* accumulator.c in Sources */,
				0469575A25CFC49500103A96 /* bubblemon.c in Sources */,
				0469575B25CFC49500103A96 /* dynamic-accumulator.c in Sources */,
				0469575C25CFC49500103A96 /* osx-meter.c in Sources */,
				04DAF91E25CE739300B06E06 /* AppDelegate.swift in Sources */,
			);
			runOnlyForDeploymentPostprocessing = 0;
		};
		04E36494154D613F002BC8DD /* Sources */ = {
			isa = PBXSourcesBuildPhase;
			buildActionMask = 2147483647;
			files = (
				DB6C6E231F6280E300CFE8D4 /* BubblemonView.swift in Sources */,
				04E364A9154D613F002BC8DD /* main.swift in Sources */,
				DB197C95161B21AC009EA096 /* dynamic-accumulator.c in Sources */,
				DB197C96161B21AC009EA096 /* accumulator.c in Sources */,
				DB197C97161B21AC009EA096 /* bubblemon.c in Sources */,
				DB197C98161B21AC009EA096 /* osx-meter.c in Sources */,
			);
			runOnlyForDeploymentPostprocessing = 0;
		};
		DB197C71161B0EB4009EA096 /* Sources */ = {
			isa = PBXSourcesBuildPhase;
			buildActionMask = 2147483647;
			files = (
				DB6C6E221F6280DC00CFE8D4 /* BubblemonView.swift in Sources */,
				DB197C8E161B106A009EA096 /* dynamic-accumulator.c in Sources */,
				DB197C8F161B106A009EA096 /* accumulator.c in Sources */,
				DB197C90161B106A009EA096 /* bubblemon.c in Sources */,
				DB197C91161B106A009EA096 /* osx-meter.c in Sources */,
			);
			runOnlyForDeploymentPostprocessing = 0;
		};
		DB197CB3161B239A009EA096 /* Sources */ = {
			isa = PBXSourcesBuildPhase;
			buildActionMask = 2147483647;
			files = (
				DB6C6E211F6280D400CFE8D4 /* BubblemonView.swift in Sources */,
				DB197CC8161B239A009EA096 /* AppDelegate.swift in Sources */,
				DB197CCF161B23A6009EA096 /* dynamic-accumulator.c in Sources */,
				DB197CD0161B23A6009EA096 /* accumulator.c in Sources */,
				DB197CD1161B23A6009EA096 /* bubblemon.c in Sources */,
				DB197CD2161B23A6009EA096 /* osx-meter.c in Sources */,
			);
			runOnlyForDeploymentPostprocessing = 0;
		};
		DB2AF2631F75118100D8D0D9 /* Sources */ = {
			isa = PBXSourcesBuildPhase;
			buildActionMask = 2147483647;
			files = (
				DB2AF28A1F7548AC00D8D0D9 /* BubblemonView.swift in Sources */,
				DB2AF2771F7512CF00D8D0D9 /* accumulator.c in Sources */,
				DB2AF2781F7512CF00D8D0D9 /* bubblemon.c in Sources */,
				DB2AF2761F7512CF00D8D0D9 /* dynamic-accumulator.c in Sources */,
				DB2AF2791F7512CF00D8D0D9 /* osx-meter.c in Sources */,
				DB2AF26A1F75118100D8D0D9 /* AppDelegate.swift in Sources */,
				DB2AF27D1F75374100D8D0D9 /* ViewController.swift in Sources */,
				DB2AF27F1F75377B00D8D0D9 /* WindowController.swift in Sources */,
			);
			runOnlyForDeploymentPostprocessing = 0;
		};
		DBAFB9971F99F168004FDA2D /* Sources */ = {
			isa = PBXSourcesBuildPhase;
			buildActionMask = 2147483647;
			files = (
				DBAFB9AF1F99F470004FDA2D /* AppDelegate.swift in Sources */,
			);
			runOnlyForDeploymentPostprocessing = 0;
		};
		DBD1D0961F877ED500447FF5 /* Sources */ = {
			isa = PBXSourcesBuildPhase;
			buildActionMask = 2147483647;
			files = (
				04AB5FB91F89409D005EB52F /* applePrivateHelpers.m in Sources */,
				DBD1D0AF1F87A43000447FF5 /* BubblemonView.swift in Sources */,
				DBD1D0B11F87A43C00447FF5 /* accumulator.c in Sources */,
				DBD1D0B21F87A43C00447FF5 /* bubblemon.c in Sources */,
				DBD1D0B01F87A43C00447FF5 /* dynamic-accumulator.c in Sources */,
				DBD1D0B31F87A43C00447FF5 /* osx-meter.c in Sources */,
				DBD1D09D1F877ED500447FF5 /* AppDelegate.swift in Sources */,
			);
			runOnlyForDeploymentPostprocessing = 0;
		};
/* End PBXSourcesBuildPhase section */

/* Begin PBXTargetDependency section */
		DB197C83161B0ECB009EA096 /* PBXTargetDependency */ = {
			isa = PBXTargetDependency;
			target = DB197C74161B0EB4009EA096 /* Bubblemon Dock Tile Plugin */;
			targetProxy = DB197C82161B0ECB009EA096 /* PBXContainerItemProxy */;
		};
		DB5656701F9A277600E47EE1 /* PBXTargetDependency */ = {
			isa = PBXTargetDependency;
			target = DBD1D0991F877ED500447FF5 /* Bubblemon TouchBar Helper */;
			targetProxy = DB56566F1F9A277600E47EE1 /* PBXContainerItemProxy */;
		};
/* End PBXTargetDependency section */

/* Begin PBXVariantGroup section */
		DB197CC9161B239A009EA096 /* MainMenu.xib */ = {
			isa = PBXVariantGroup;
			children = (
				DB197CCA161B239A009EA096 /* en */,
			);
			name = MainMenu.xib;
			sourceTree = "<group>";
		};
		DB2AF2811F753A5000D8D0D9 /* Main.storyboard */ = {
			isa = PBXVariantGroup;
			children = (
				DB2AF2821F753A5000D8D0D9 /* Base */,
			);
			name = Main.storyboard;
			sourceTree = "<group>";
		};
		DBAFB9A11F99F168004FDA2D /* MainMenu.xib */ = {
			isa = PBXVariantGroup;
			children = (
				DBAFB9A21F99F168004FDA2D /* Base */,
			);
			name = MainMenu.xib;
			sourceTree = "<group>";
		};
		DBD1D0A01F877ED500447FF5 /* MainMenu.xib */ = {
			isa = PBXVariantGroup;
			children = (
				DBD1D0A11F877ED500447FF5 /* Base */,
			);
			name = MainMenu.xib;
			sourceTree = "<group>";
		};
/* End PBXVariantGroup section */

/* Begin XCBuildConfiguration section */
		04DAF92825CE739300B06E06 /* Debug */ = {
			isa = XCBuildConfiguration;
			buildSettings = {
				ASSETCATALOG_COMPILER_APPICON_NAME = AppIcon;
				ASSETCATALOG_COMPILER_GLOBAL_ACCENT_COLOR_NAME = AccentColor;
				CLANG_ANALYZER_NONNULL = YES;
				CLANG_ANALYZER_NUMBER_OBJECT_CONVERSION = YES_AGGRESSIVE;
				CLANG_CXX_LANGUAGE_STANDARD = "gnu++14";
				CLANG_CXX_LIBRARY = "libc++";
				CLANG_ENABLE_MODULES = YES;
				CLANG_ENABLE_OBJC_WEAK = YES;
				CLANG_WARN_DIRECT_OBJC_ISA_USAGE = YES_ERROR;
				CLANG_WARN_OBJC_ROOT_CLASS = YES_ERROR;
				CLANG_WARN_UNGUARDED_AVAILABILITY = YES_AGGRESSIVE;
				CODE_SIGN_IDENTITY = "-";
				CODE_SIGN_STYLE = Automatic;
				COMBINE_HIDPI_IMAGES = YES;
				DEBUG_INFORMATION_FORMAT = dwarf;
				ENABLE_PREVIEWS = YES;
				GCC_C_LANGUAGE_STANDARD = gnu11;
				GCC_DYNAMIC_NO_PIC = NO;
				GCC_OPTIMIZATION_LEVEL = 0;
				GCC_PREPROCESSOR_DEFINITIONS = (
					"DEBUG=1",
					"$(inherited)",
				);
				HEADER_SEARCH_PATHS = ../src;
				INFOPLIST_FILE = "Bubblemon StatusItem/Info.plist";
				LD_RUNPATH_SEARCH_PATHS = "$(inherited) @executable_path/../Frameworks";
				MACOSX_DEPLOYMENT_TARGET = 10.13;
				MTL_ENABLE_DEBUG_INFO = INCLUDE_SOURCE;
				MTL_FAST_MATH = YES;
				PRODUCT_BUNDLE_IDENTIFIER = "com.gmail.walles.johan.Bubblemon-StatusItem";
				PRODUCT_NAME = "$(TARGET_NAME)";
				SWIFT_ACTIVE_COMPILATION_CONDITIONS = DEBUG;
				SWIFT_OBJC_BRIDGING_HEADER = "Bubblemon-Bridging-Header.h";
				SWIFT_OPTIMIZATION_LEVEL = "-Onone";
				SWIFT_VERSION = 5.0;
			};
			name = Debug;
		};
		04DAF92925CE739300B06E06 /* Release */ = {
			isa = XCBuildConfiguration;
			buildSettings = {
				ASSETCATALOG_COMPILER_APPICON_NAME = AppIcon;
				ASSETCATALOG_COMPILER_GLOBAL_ACCENT_COLOR_NAME = AccentColor;
				CLANG_ANALYZER_NONNULL = YES;
				CLANG_ANALYZER_NUMBER_OBJECT_CONVERSION = YES_AGGRESSIVE;
				CLANG_CXX_LANGUAGE_STANDARD = "gnu++14";
				CLANG_CXX_LIBRARY = "libc++";
				CLANG_ENABLE_MODULES = YES;
				CLANG_ENABLE_OBJC_WEAK = YES;
				CLANG_WARN_DIRECT_OBJC_ISA_USAGE = YES_ERROR;
				CLANG_WARN_OBJC_ROOT_CLASS = YES_ERROR;
				CLANG_WARN_UNGUARDED_AVAILABILITY = YES_AGGRESSIVE;
				CODE_SIGN_IDENTITY = "-";
				CODE_SIGN_STYLE = Automatic;
				COMBINE_HIDPI_IMAGES = YES;
				COPY_PHASE_STRIP = NO;
				ENABLE_NS_ASSERTIONS = NO;
				ENABLE_PREVIEWS = YES;
				GCC_C_LANGUAGE_STANDARD = gnu11;
				GCC_OPTIMIZATION_LEVEL = 3;
				HEADER_SEARCH_PATHS = ../src;
				INFOPLIST_FILE = "Bubblemon StatusItem/Info.plist";
				LD_RUNPATH_SEARCH_PATHS = "$(inherited) @executable_path/../Frameworks";
				MACOSX_DEPLOYMENT_TARGET = 10.13;
				MTL_ENABLE_DEBUG_INFO = NO;
				MTL_FAST_MATH = YES;
				PRODUCT_BUNDLE_IDENTIFIER = "com.gmail.walles.johan.Bubblemon-StatusItem";
				PRODUCT_NAME = "$(TARGET_NAME)";
				SWIFT_OBJC_BRIDGING_HEADER = "Bubblemon-Bridging-Header.h";
				SWIFT_OPTIMIZATION_LEVEL = "-Owholemodule";
				SWIFT_VERSION = 5.0;
			};
			name = Release;
		};
		04E364B4154D613F002BC8DD /* Debug */ = {
			isa = XCBuildConfiguration;
			buildSettings = {
				ALWAYS_SEARCH_USER_PATHS = NO;
				CLANG_ANALYZER_LOCALIZABILITY_NONLOCALIZED = YES;
				CLANG_ANALYZER_SECURITY_FLOATLOOPCOUNTER = YES;
				CLANG_ANALYZER_SECURITY_INSECUREAPI_RAND = NO;
				CLANG_ANALYZER_SECURITY_INSECUREAPI_STRCPY = NO;
				CLANG_ENABLE_OBJC_ARC = YES;
				CLANG_WARN_ASSIGN_ENUM = YES;
				CLANG_WARN_BLOCK_CAPTURE_AUTORELEASING = YES;
				CLANG_WARN_BOOL_CONVERSION = YES;
				CLANG_WARN_COMMA = YES;
				CLANG_WARN_CONSTANT_CONVERSION = YES;
				CLANG_WARN_CXX0X_EXTENSIONS = YES;
				CLANG_WARN_DEPRECATED_OBJC_IMPLEMENTATIONS = YES;
				CLANG_WARN_DOCUMENTATION_COMMENTS = YES;
				CLANG_WARN_EMPTY_BODY = YES;
				CLANG_WARN_ENUM_CONVERSION = YES;
				CLANG_WARN_INFINITE_RECURSION = YES;
				CLANG_WARN_INT_CONVERSION = YES;
				CLANG_WARN_NON_LITERAL_NULL_CONVERSION = YES;
				CLANG_WARN_OBJC_EXPLICIT_OWNERSHIP_TYPE = YES;
				CLANG_WARN_OBJC_IMPLICIT_RETAIN_SELF = YES;
				CLANG_WARN_OBJC_LITERAL_CONVERSION = YES;
				CLANG_WARN_OBJC_MISSING_PROPERTY_SYNTHESIS = YES;
				CLANG_WARN_OBJC_RECEIVER_WEAK = YES;
				CLANG_WARN_OBJC_REPEATED_USE_OF_WEAK = YES;
				CLANG_WARN_QUOTED_INCLUDE_IN_FRAMEWORK_HEADER = YES;
				CLANG_WARN_RANGE_LOOP_ANALYSIS = YES;
				CLANG_WARN_STRICT_PROTOTYPES = YES;
				CLANG_WARN_SUSPICIOUS_MOVE = YES;
				CLANG_WARN_UNREACHABLE_CODE = YES;
				CLANG_WARN__DUPLICATE_METHOD_MATCH = YES;
				CLANG_WARN__EXIT_TIME_DESTRUCTORS = YES;
				COPY_PHASE_STRIP = NO;
				ENABLE_STRICT_OBJC_MSGSEND = YES;
				ENABLE_TESTABILITY = YES;
				GCC_NO_COMMON_BLOCKS = YES;
				GCC_SHORT_ENUMS = YES;
				GCC_TREAT_IMPLICIT_FUNCTION_DECLARATIONS_AS_ERRORS = YES;
				GCC_TREAT_INCOMPATIBLE_POINTER_TYPE_WARNINGS_AS_ERRORS = YES;
				GCC_TREAT_WARNINGS_AS_ERRORS = YES;
				GCC_WARN_64_TO_32_BIT_CONVERSION = YES;
				GCC_WARN_ABOUT_MISSING_FIELD_INITIALIZERS = YES;
				GCC_WARN_ABOUT_MISSING_NEWLINE = YES;
				GCC_WARN_ABOUT_MISSING_PROTOTYPES = YES;
				GCC_WARN_ABOUT_RETURN_TYPE = YES_ERROR;
				GCC_WARN_FOUR_CHARACTER_CONSTANTS = YES;
				GCC_WARN_HIDDEN_VIRTUAL_FUNCTIONS = YES;
				GCC_WARN_INITIALIZER_NOT_FULLY_BRACKETED = YES;
				GCC_WARN_MULTIPLE_DEFINITION_TYPES_FOR_SELECTOR = YES;
				GCC_WARN_NON_VIRTUAL_DESTRUCTOR = YES;
				GCC_WARN_SHADOW = YES;
				GCC_WARN_SIGN_COMPARE = YES;
				GCC_WARN_STRICT_SELECTOR_MATCH = YES;
				GCC_WARN_UNDECLARED_SELECTOR = YES;
				GCC_WARN_UNINITIALIZED_AUTOS = YES_AGGRESSIVE;
				GCC_WARN_UNUSED_FUNCTION = YES;
				GCC_WARN_UNUSED_LABEL = YES;
				GCC_WARN_UNUSED_VARIABLE = YES;
				MACOSX_DEPLOYMENT_TARGET = 10.10;
				ONLY_ACTIVE_ARCH = YES;
				SDKROOT = macosx;
				WARNING_CFLAGS = (
					"-Weverything",
					"-Wno-padded",
					"-Wno-direct-ivar-access",
					"-Wno-cast-align",
					"-Wno-float-equal",
					"-Wno-double-promotion",
				);
			};
			name = Debug;
		};
		04E364B5154D613F002BC8DD /* Release */ = {
			isa = XCBuildConfiguration;
			buildSettings = {
				ALWAYS_SEARCH_USER_PATHS = NO;
				CLANG_ANALYZER_LOCALIZABILITY_NONLOCALIZED = YES;
				CLANG_ANALYZER_SECURITY_FLOATLOOPCOUNTER = YES;
				CLANG_ANALYZER_SECURITY_INSECUREAPI_RAND = NO;
				CLANG_ANALYZER_SECURITY_INSECUREAPI_STRCPY = NO;
				CLANG_ENABLE_OBJC_ARC = YES;
				CLANG_WARN_ASSIGN_ENUM = YES;
				CLANG_WARN_BLOCK_CAPTURE_AUTORELEASING = YES;
				CLANG_WARN_BOOL_CONVERSION = YES;
				CLANG_WARN_COMMA = YES;
				CLANG_WARN_CONSTANT_CONVERSION = YES;
				CLANG_WARN_CXX0X_EXTENSIONS = YES;
				CLANG_WARN_DEPRECATED_OBJC_IMPLEMENTATIONS = YES;
				CLANG_WARN_DOCUMENTATION_COMMENTS = YES;
				CLANG_WARN_EMPTY_BODY = YES;
				CLANG_WARN_ENUM_CONVERSION = YES;
				CLANG_WARN_INFINITE_RECURSION = YES;
				CLANG_WARN_INT_CONVERSION = YES;
				CLANG_WARN_NON_LITERAL_NULL_CONVERSION = YES;
				CLANG_WARN_OBJC_EXPLICIT_OWNERSHIP_TYPE = YES;
				CLANG_WARN_OBJC_IMPLICIT_RETAIN_SELF = YES;
				CLANG_WARN_OBJC_LITERAL_CONVERSION = YES;
				CLANG_WARN_OBJC_MISSING_PROPERTY_SYNTHESIS = YES;
				CLANG_WARN_OBJC_RECEIVER_WEAK = YES;
				CLANG_WARN_OBJC_REPEATED_USE_OF_WEAK = YES;
				CLANG_WARN_QUOTED_INCLUDE_IN_FRAMEWORK_HEADER = YES;
				CLANG_WARN_RANGE_LOOP_ANALYSIS = YES;
				CLANG_WARN_STRICT_PROTOTYPES = YES;
				CLANG_WARN_SUSPICIOUS_MOVE = YES;
				CLANG_WARN_UNREACHABLE_CODE = YES;
				CLANG_WARN__DUPLICATE_METHOD_MATCH = YES;
				CLANG_WARN__EXIT_TIME_DESTRUCTORS = YES;
				COPY_PHASE_STRIP = YES;
				DEBUG_INFORMATION_FORMAT = "dwarf-with-dsym";
				ENABLE_STRICT_OBJC_MSGSEND = YES;
				GCC_NO_COMMON_BLOCKS = YES;
				GCC_SHORT_ENUMS = YES;
				GCC_TREAT_IMPLICIT_FUNCTION_DECLARATIONS_AS_ERRORS = YES;
				GCC_TREAT_INCOMPATIBLE_POINTER_TYPE_WARNINGS_AS_ERRORS = YES;
				GCC_TREAT_WARNINGS_AS_ERRORS = YES;
				GCC_WARN_64_TO_32_BIT_CONVERSION = YES;
				GCC_WARN_ABOUT_MISSING_FIELD_INITIALIZERS = YES;
				GCC_WARN_ABOUT_MISSING_NEWLINE = YES;
				GCC_WARN_ABOUT_MISSING_PROTOTYPES = YES;
				GCC_WARN_ABOUT_RETURN_TYPE = YES_ERROR;
				GCC_WARN_FOUR_CHARACTER_CONSTANTS = YES;
				GCC_WARN_HIDDEN_VIRTUAL_FUNCTIONS = YES;
				GCC_WARN_INITIALIZER_NOT_FULLY_BRACKETED = YES;
				GCC_WARN_MULTIPLE_DEFINITION_TYPES_FOR_SELECTOR = YES;
				GCC_WARN_NON_VIRTUAL_DESTRUCTOR = YES;
				GCC_WARN_SHADOW = YES;
				GCC_WARN_SIGN_COMPARE = YES;
				GCC_WARN_STRICT_SELECTOR_MATCH = YES;
				GCC_WARN_UNDECLARED_SELECTOR = YES;
				GCC_WARN_UNINITIALIZED_AUTOS = YES_AGGRESSIVE;
				GCC_WARN_UNUSED_FUNCTION = YES;
				GCC_WARN_UNUSED_LABEL = YES;
				GCC_WARN_UNUSED_VARIABLE = YES;
				MACOSX_DEPLOYMENT_TARGET = 10.10;
				SDKROOT = macosx;
				WARNING_CFLAGS = (
					"-Weverything",
					"-Wno-padded",
					"-Wno-direct-ivar-access",
					"-Wno-cast-align",
					"-Wno-float-equal",
					"-Wno-double-promotion",
				);
			};
			name = Release;
		};
		04E364B7154D613F002BC8DD /* Debug */ = {
			isa = XCBuildConfiguration;
			buildSettings = {
				ALWAYS_EMBED_SWIFT_STANDARD_LIBRARIES = YES;
				ALWAYS_SEARCH_USER_PATHS = NO;
				CLANG_ENABLE_OBJC_ARC = YES;
				CODE_SIGN_IDENTITY = "-";
				COMBINE_HIDPI_IMAGES = YES;
				"HEADER_SEARCH_PATHS[arch=*]" = ../src;
				INFOPLIST_FILE = bubblemon/Info.plist;
				LD_RUNPATH_SEARCH_PATHS = "@executable_path/../Frameworks";
				MACOSX_DEPLOYMENT_TARGET = 10.13;
				OTHER_SWIFT_FLAGS = "-D DEBUG";
				PRODUCT_BUNDLE_IDENTIFIER = "com.gmail.walles.johan.${PRODUCT_NAME:rfc1034identifier}";
				PRODUCT_NAME = "$(TARGET_NAME)";
				RUN_CLANG_STATIC_ANALYZER = YES;
				SWIFT_OBJC_BRIDGING_HEADER = "Bubblemon-Bridging-Header.h";
				SWIFT_OPTIMIZATION_LEVEL = "-Onone";
				SWIFT_TREAT_WARNINGS_AS_ERRORS = YES;
				SWIFT_VERSION = 5.0;
				WRAPPER_EXTENSION = app;
			};
			name = Debug;
		};
		04E364B8154D613F002BC8DD /* Release */ = {
			isa = XCBuildConfiguration;
			buildSettings = {
				ALWAYS_EMBED_SWIFT_STANDARD_LIBRARIES = YES;
				ALWAYS_SEARCH_USER_PATHS = NO;
				CLANG_ENABLE_OBJC_ARC = YES;
				CODE_SIGN_IDENTITY = "-";
				COMBINE_HIDPI_IMAGES = YES;
				"HEADER_SEARCH_PATHS[arch=*]" = ../src;
				INFOPLIST_FILE = bubblemon/Info.plist;
				LD_RUNPATH_SEARCH_PATHS = "@executable_path/../Frameworks";
				MACOSX_DEPLOYMENT_TARGET = 10.13;
				OTHER_SWIFT_FLAGS = "";
				PRODUCT_BUNDLE_IDENTIFIER = "com.gmail.walles.johan.${PRODUCT_NAME:rfc1034identifier}";
				PRODUCT_NAME = "$(TARGET_NAME)";
				RUN_CLANG_STATIC_ANALYZER = YES;
				SWIFT_OBJC_BRIDGING_HEADER = "Bubblemon-Bridging-Header.h";
				SWIFT_OPTIMIZATION_LEVEL = "-Owholemodule";
				SWIFT_TREAT_WARNINGS_AS_ERRORS = YES;
				SWIFT_VERSION = 5.0;
				WRAPPER_EXTENSION = app;
			};
			name = Release;
		};
		DB197C7E161B0EB4009EA096 /* Debug */ = {
			isa = XCBuildConfiguration;
			buildSettings = {
				ALWAYS_SEARCH_USER_PATHS = NO;
				CLANG_CXX_LANGUAGE_STANDARD = "gnu++0x";
				CLANG_ENABLE_OBJC_ARC = YES;
				COMBINE_HIDPI_IMAGES = YES;
				HEADER_SEARCH_PATHS = ../src;
				INFOPLIST_FILE = "Bubblemon Dock Tile Plugin/Info.plist";
				INSTALL_PATH = "$(LOCAL_LIBRARY_DIR)/Bundles";
				LD_RUNPATH_SEARCH_PATHS = "@loader_path/../../../../Frameworks";
				MACOSX_DEPLOYMENT_TARGET = 10.13;
				OTHER_SWIFT_FLAGS = "-D DEBUG";
				PRODUCT_BUNDLE_IDENTIFIER = "com.gmail.walles.johan.${PRODUCT_NAME:rfc1034identifier}";
				PRODUCT_NAME = "$(TARGET_NAME)";
				SWIFT_OBJC_BRIDGING_HEADER = "Bubblemon-Bridging-Header.h";
				SWIFT_OPTIMIZATION_LEVEL = "-Onone";
				SWIFT_TREAT_WARNINGS_AS_ERRORS = YES;
				SWIFT_VERSION = 5.0;
				USER_HEADER_SEARCH_PATHS = /System/Library/Frameworks/IOKit.framework/Headers;
				WRAPPER_EXTENSION = docktileplugin;
			};
			name = Debug;
		};
		DB197C7F161B0EB4009EA096 /* Release */ = {
			isa = XCBuildConfiguration;
			buildSettings = {
				ALWAYS_SEARCH_USER_PATHS = NO;
				CLANG_CXX_LANGUAGE_STANDARD = "gnu++0x";
				CLANG_ENABLE_OBJC_ARC = YES;
				COMBINE_HIDPI_IMAGES = YES;
				HEADER_SEARCH_PATHS = ../src;
				INFOPLIST_FILE = "Bubblemon Dock Tile Plugin/Info.plist";
				INSTALL_PATH = "$(LOCAL_LIBRARY_DIR)/Bundles";
				LD_RUNPATH_SEARCH_PATHS = "@loader_path/../../../../Frameworks";
				MACOSX_DEPLOYMENT_TARGET = 10.13;
				PRODUCT_BUNDLE_IDENTIFIER = "com.gmail.walles.johan.${PRODUCT_NAME:rfc1034identifier}";
				PRODUCT_NAME = "$(TARGET_NAME)";
				SWIFT_OBJC_BRIDGING_HEADER = "Bubblemon-Bridging-Header.h";
				SWIFT_OPTIMIZATION_LEVEL = "-Owholemodule";
				SWIFT_TREAT_WARNINGS_AS_ERRORS = YES;
				SWIFT_VERSION = 5.0;
				USER_HEADER_SEARCH_PATHS = /System/Library/Frameworks/IOKit.framework/Headers;
				WRAPPER_EXTENSION = docktileplugin;
			};
			name = Release;
		};
		DB197CCD161B239A009EA096 /* Debug */ = {
			isa = XCBuildConfiguration;
			buildSettings = {
				ALWAYS_SEARCH_USER_PATHS = NO;
				CLANG_CXX_LANGUAGE_STANDARD = "gnu++0x";
				CLANG_ENABLE_OBJC_ARC = YES;
				CODE_SIGN_IDENTITY = "-";
				COMBINE_HIDPI_IMAGES = YES;
				HEADER_SEARCH_PATHS = ../src;
				INFOPLIST_FILE = BubblemonWindow/Info.plist;
				LD_RUNPATH_SEARCH_PATHS = "@executable_path/../Frameworks";
				LIBRARY_SEARCH_PATHS = "$(inherited)";
				MACOSX_DEPLOYMENT_TARGET = 10.13;
				OTHER_SWIFT_FLAGS = "-D DEBUG";
				PRODUCT_BUNDLE_IDENTIFIER = com.gmail.walles.johan.bubblemon.Window;
				PRODUCT_NAME = "$(TARGET_NAME)";
				SWIFT_OBJC_BRIDGING_HEADER = "Bubblemon-Bridging-Header.h";
				SWIFT_OPTIMIZATION_LEVEL = "-Onone";
				SWIFT_TREAT_WARNINGS_AS_ERRORS = YES;
				SWIFT_VERSION = 5.0;
				USER_HEADER_SEARCH_PATHS = /System/Library/Frameworks/IOKit.framework/Headers;
				WRAPPER_EXTENSION = app;
			};
			name = Debug;
		};
		DB197CCE161B239A009EA096 /* Release */ = {
			isa = XCBuildConfiguration;
			buildSettings = {
				ALWAYS_SEARCH_USER_PATHS = NO;
				CLANG_CXX_LANGUAGE_STANDARD = "gnu++0x";
				CLANG_ENABLE_OBJC_ARC = YES;
				CODE_SIGN_IDENTITY = "-";
				COMBINE_HIDPI_IMAGES = YES;
				HEADER_SEARCH_PATHS = ../src;
				INFOPLIST_FILE = BubblemonWindow/Info.plist;
				LD_RUNPATH_SEARCH_PATHS = "@executable_path/../Frameworks";
				LIBRARY_SEARCH_PATHS = "$(inherited)";
				MACOSX_DEPLOYMENT_TARGET = 10.13;
				PRODUCT_BUNDLE_IDENTIFIER = com.gmail.walles.johan.bubblemon.Window;
				PRODUCT_NAME = "$(TARGET_NAME)";
				SWIFT_OBJC_BRIDGING_HEADER = "Bubblemon-Bridging-Header.h";
				SWIFT_OPTIMIZATION_LEVEL = "-Owholemodule";
				SWIFT_TREAT_WARNINGS_AS_ERRORS = YES;
				SWIFT_VERSION = 5.0;
				USER_HEADER_SEARCH_PATHS = /System/Library/Frameworks/IOKit.framework/Headers;
				WRAPPER_EXTENSION = app;
			};
			name = Release;
		};
		DB2AF2731F75118100D8D0D9 /* Debug */ = {
			isa = XCBuildConfiguration;
			buildSettings = {
				ASSETCATALOG_COMPILER_APPICON_NAME = AppIcon;
				CLANG_ANALYZER_NONNULL = YES;
				CLANG_ANALYZER_NUMBER_OBJECT_CONVERSION = YES_AGGRESSIVE;
				CLANG_CXX_LANGUAGE_STANDARD = "gnu++14";
				CLANG_CXX_LIBRARY = "libc++";
				CLANG_ENABLE_MODULES = YES;
				CLANG_WARN_DIRECT_OBJC_ISA_USAGE = YES_ERROR;
				CLANG_WARN_OBJC_ROOT_CLASS = YES_ERROR;
				CLANG_WARN_UNGUARDED_AVAILABILITY = YES_AGGRESSIVE;
				CODE_SIGN_IDENTITY = "-";
				COMBINE_HIDPI_IMAGES = YES;
				DEBUG_INFORMATION_FORMAT = dwarf;
				GCC_C_LANGUAGE_STANDARD = gnu11;
				GCC_DYNAMIC_NO_PIC = NO;
				GCC_OPTIMIZATION_LEVEL = 0;
				GCC_PREPROCESSOR_DEFINITIONS = (
					"DEBUG=1",
					"$(inherited)",
				);
				HEADER_SEARCH_PATHS = ../src;
				INFOPLIST_FILE = BubblemonTouchBarWindow/Info.plist;
				LD_RUNPATH_SEARCH_PATHS = "$(inherited) @executable_path/../Frameworks";
				MACOSX_DEPLOYMENT_TARGET = 10.13;
				MTL_ENABLE_DEBUG_INFO = YES;
				PRODUCT_BUNDLE_IDENTIFIER = com.gmail.walles.johan.bubblemon.TouchBarWindow;
				PRODUCT_NAME = "$(TARGET_NAME)";
				SWIFT_ACTIVE_COMPILATION_CONDITIONS = DEBUG;
				SWIFT_OBJC_BRIDGING_HEADER = "Bubblemon-Bridging-Header.h";
				SWIFT_OPTIMIZATION_LEVEL = "-Onone";
				SWIFT_TREAT_WARNINGS_AS_ERRORS = YES;
				SWIFT_VERSION = 5.0;
			};
			name = Debug;
		};
		DB2AF2741F75118100D8D0D9 /* Release */ = {
			isa = XCBuildConfiguration;
			buildSettings = {
				ASSETCATALOG_COMPILER_APPICON_NAME = AppIcon;
				CLANG_ANALYZER_NONNULL = YES;
				CLANG_ANALYZER_NUMBER_OBJECT_CONVERSION = YES_AGGRESSIVE;
				CLANG_CXX_LANGUAGE_STANDARD = "gnu++14";
				CLANG_CXX_LIBRARY = "libc++";
				CLANG_ENABLE_MODULES = YES;
				CLANG_WARN_DIRECT_OBJC_ISA_USAGE = YES_ERROR;
				CLANG_WARN_OBJC_ROOT_CLASS = YES_ERROR;
				CLANG_WARN_UNGUARDED_AVAILABILITY = YES_AGGRESSIVE;
				CODE_SIGN_IDENTITY = "-";
				COMBINE_HIDPI_IMAGES = YES;
				COPY_PHASE_STRIP = NO;
				ENABLE_NS_ASSERTIONS = NO;
				GCC_C_LANGUAGE_STANDARD = gnu11;
				HEADER_SEARCH_PATHS = ../src;
				INFOPLIST_FILE = BubblemonTouchBarWindow/Info.plist;
				LD_RUNPATH_SEARCH_PATHS = "$(inherited) @executable_path/../Frameworks";
				MACOSX_DEPLOYMENT_TARGET = 10.13;
				MTL_ENABLE_DEBUG_INFO = NO;
				PRODUCT_BUNDLE_IDENTIFIER = com.gmail.walles.johan.bubblemon.TouchBarWindow;
				PRODUCT_NAME = "$(TARGET_NAME)";
				SWIFT_OBJC_BRIDGING_HEADER = "Bubblemon-Bridging-Header.h";
				SWIFT_OPTIMIZATION_LEVEL = "-Owholemodule";
				SWIFT_TREAT_WARNINGS_AS_ERRORS = YES;
				SWIFT_VERSION = 5.0;
			};
			name = Release;
		};
		DBAFB9A71F99F168004FDA2D /* Debug */ = {
			isa = XCBuildConfiguration;
			buildSettings = {
				ASSETCATALOG_COMPILER_APPICON_NAME = AppIcon;
				CLANG_ANALYZER_NONNULL = YES;
				CLANG_ANALYZER_NUMBER_OBJECT_CONVERSION = YES_AGGRESSIVE;
				CLANG_CXX_LANGUAGE_STANDARD = "gnu++14";
				CLANG_CXX_LIBRARY = "libc++";
				CLANG_ENABLE_MODULES = YES;
				CLANG_WARN_DIRECT_OBJC_ISA_USAGE = YES_ERROR;
				CLANG_WARN_OBJC_ROOT_CLASS = YES_ERROR;
				CLANG_WARN_UNGUARDED_AVAILABILITY = YES_AGGRESSIVE;
				CODE_SIGN_IDENTITY = "-";
				COMBINE_HIDPI_IMAGES = YES;
				DEBUG_INFORMATION_FORMAT = dwarf;
				GCC_C_LANGUAGE_STANDARD = gnu11;
				GCC_DYNAMIC_NO_PIC = NO;
				GCC_OPTIMIZATION_LEVEL = 0;
				GCC_PREPROCESSOR_DEFINITIONS = (
					"DEBUG=1",
					"$(inherited)",
				);
				INFOPLIST_FILE = "Bubblemon TouchBar/Info.plist";
				LD_RUNPATH_SEARCH_PATHS = "$(inherited) @executable_path/../Frameworks";
				MACOSX_DEPLOYMENT_TARGET = 10.13;
				MTL_ENABLE_DEBUG_INFO = YES;
				PRODUCT_BUNDLE_IDENTIFIER = "com.gmail.walles.johan.Bubblemon-TouchBar";
				PRODUCT_NAME = "$(TARGET_NAME)";
				SWIFT_ACTIVE_COMPILATION_CONDITIONS = DEBUG;
				SWIFT_OPTIMIZATION_LEVEL = "-Onone";
				SWIFT_TREAT_WARNINGS_AS_ERRORS = YES;
				SWIFT_VERSION = 5.0;
			};
			name = Debug;
		};
		DBAFB9A81F99F168004FDA2D /* Release */ = {
			isa = XCBuildConfiguration;
			buildSettings = {
				ASSETCATALOG_COMPILER_APPICON_NAME = AppIcon;
				CLANG_ANALYZER_NONNULL = YES;
				CLANG_ANALYZER_NUMBER_OBJECT_CONVERSION = YES_AGGRESSIVE;
				CLANG_CXX_LANGUAGE_STANDARD = "gnu++14";
				CLANG_CXX_LIBRARY = "libc++";
				CLANG_ENABLE_MODULES = YES;
				CLANG_WARN_DIRECT_OBJC_ISA_USAGE = YES_ERROR;
				CLANG_WARN_OBJC_ROOT_CLASS = YES_ERROR;
				CLANG_WARN_UNGUARDED_AVAILABILITY = YES_AGGRESSIVE;
				CODE_SIGN_IDENTITY = "-";
				COMBINE_HIDPI_IMAGES = YES;
				COPY_PHASE_STRIP = NO;
				ENABLE_NS_ASSERTIONS = NO;
				GCC_C_LANGUAGE_STANDARD = gnu11;
				INFOPLIST_FILE = "Bubblemon TouchBar/Info.plist";
				LD_RUNPATH_SEARCH_PATHS = "$(inherited) @executable_path/../Frameworks";
				MACOSX_DEPLOYMENT_TARGET = 10.13;
				MTL_ENABLE_DEBUG_INFO = NO;
				PRODUCT_BUNDLE_IDENTIFIER = "com.gmail.walles.johan.Bubblemon-TouchBar";
				PRODUCT_NAME = "$(TARGET_NAME)";
				SWIFT_OPTIMIZATION_LEVEL = "-Owholemodule";
				SWIFT_TREAT_WARNINGS_AS_ERRORS = YES;
				SWIFT_VERSION = 5.0;
			};
			name = Release;
		};
		DBD1D0A51F877ED500447FF5 /* Debug */ = {
			isa = XCBuildConfiguration;
			buildSettings = {
				CLANG_ANALYZER_NONNULL = YES;
				CLANG_ANALYZER_NUMBER_OBJECT_CONVERSION = YES_AGGRESSIVE;
				CLANG_CXX_LANGUAGE_STANDARD = "gnu++14";
				CLANG_CXX_LIBRARY = "libc++";
				CLANG_ENABLE_MODULES = YES;
				CLANG_WARN_DIRECT_OBJC_ISA_USAGE = YES_ERROR;
				CLANG_WARN_OBJC_ROOT_CLASS = YES_ERROR;
				CLANG_WARN_UNGUARDED_AVAILABILITY = YES_AGGRESSIVE;
				CODE_SIGN_IDENTITY = "-";
				CODE_SIGN_STYLE = Manual;
				COMBINE_HIDPI_IMAGES = YES;
				DEBUG_INFORMATION_FORMAT = dwarf;
				DEVELOPMENT_TEAM = "";
				FRAMEWORK_SEARCH_PATHS = (
					"$(inherited)",
					"$(SYSTEM_LIBRARY_DIR)/PrivateFrameworks",
				);
				GCC_C_LANGUAGE_STANDARD = gnu11;
				GCC_DYNAMIC_NO_PIC = NO;
				GCC_OPTIMIZATION_LEVEL = 0;
				GCC_PREPROCESSOR_DEFINITIONS = (
					"DEBUG=1",
					"$(inherited)",
				);
				HEADER_SEARCH_PATHS = ../src;
				INFOPLIST_FILE = "$(SRCROOT)/Bubblemon TouchBar Helper/Info.plist";
				LD_RUNPATH_SEARCH_PATHS = "$(inherited) @executable_path/../Frameworks";
				MACOSX_DEPLOYMENT_TARGET = 10.13;
				MTL_ENABLE_DEBUG_INFO = YES;
				PRODUCT_BUNDLE_IDENTIFIER = com.gmail.walles.johan.bubblemon.TouchBarHelper;
				PRODUCT_NAME = "$(TARGET_NAME)";
				PROVISIONING_PROFILE_SPECIFIER = "";
				SKIP_INSTALL = YES;
				SWIFT_ACTIVE_COMPILATION_CONDITIONS = DEBUG;
				SWIFT_OBJC_BRIDGING_HEADER = "Bubblemon-Bridging-Header.h";
				SWIFT_OPTIMIZATION_LEVEL = "-Onone";
				SWIFT_TREAT_WARNINGS_AS_ERRORS = YES;
				SWIFT_VERSION = 5.0;
			};
			name = Debug;
		};
		DBD1D0A61F877ED500447FF5 /* Release */ = {
			isa = XCBuildConfiguration;
			buildSettings = {
				CLANG_ANALYZER_NONNULL = YES;
				CLANG_ANALYZER_NUMBER_OBJECT_CONVERSION = YES_AGGRESSIVE;
				CLANG_CXX_LANGUAGE_STANDARD = "gnu++14";
				CLANG_CXX_LIBRARY = "libc++";
				CLANG_ENABLE_MODULES = YES;
				CLANG_WARN_DIRECT_OBJC_ISA_USAGE = YES_ERROR;
				CLANG_WARN_OBJC_ROOT_CLASS = YES_ERROR;
				CLANG_WARN_UNGUARDED_AVAILABILITY = YES_AGGRESSIVE;
				CODE_SIGN_IDENTITY = "-";
				CODE_SIGN_STYLE = Manual;
				COMBINE_HIDPI_IMAGES = YES;
				COPY_PHASE_STRIP = NO;
				DEVELOPMENT_TEAM = "";
				ENABLE_NS_ASSERTIONS = NO;
				FRAMEWORK_SEARCH_PATHS = (
					"$(inherited)",
					"$(SYSTEM_LIBRARY_DIR)/PrivateFrameworks",
				);
				GCC_C_LANGUAGE_STANDARD = gnu11;
				HEADER_SEARCH_PATHS = ../src;
				INFOPLIST_FILE = "$(SRCROOT)/Bubblemon TouchBar Helper/Info.plist";
				LD_RUNPATH_SEARCH_PATHS = "$(inherited) @executable_path/../Frameworks";
				MACOSX_DEPLOYMENT_TARGET = 10.13;
				MTL_ENABLE_DEBUG_INFO = NO;
				PRODUCT_BUNDLE_IDENTIFIER = com.gmail.walles.johan.bubblemon.TouchBarHelper;
				PRODUCT_NAME = "$(TARGET_NAME)";
				PROVISIONING_PROFILE_SPECIFIER = "";
				SKIP_INSTALL = YES;
				SWIFT_OBJC_BRIDGING_HEADER = "Bubblemon-Bridging-Header.h";
				SWIFT_OPTIMIZATION_LEVEL = "-Owholemodule";
				SWIFT_TREAT_WARNINGS_AS_ERRORS = YES;
				SWIFT_VERSION = 5.0;
			};
			name = Release;
		};
/* End XCBuildConfiguration section */

/* Begin XCConfigurationList section */
		04DAF92A25CE739300B06E06 /* Build configuration list for PBXNativeTarget "Bubblemon StatusItem" */ = {
			isa = XCConfigurationList;
			buildConfigurations = (
				04DAF92825CE739300B06E06 /* Debug */,
				04DAF92925CE739300B06E06 /* Release */,
			);
			defaultConfigurationIsVisible = 0;
			defaultConfigurationName = Release;
		};
		04E36492154D613F002BC8DD /* Build configuration list for PBXProject "bubblemon" */ = {
			isa = XCConfigurationList;
			buildConfigurations = (
				04E364B4154D613F002BC8DD /* Debug */,
				04E364B5154D613F002BC8DD /* Release */,
			);
			defaultConfigurationIsVisible = 0;
			defaultConfigurationName = Release;
		};
		04E364B6154D613F002BC8DD /* Build configuration list for PBXNativeTarget "Bubblemon" */ = {
			isa = XCConfigurationList;
			buildConfigurations = (
				04E364B7154D613F002BC8DD /* Debug */,
				04E364B8154D613F002BC8DD /* Release */,
			);
			defaultConfigurationIsVisible = 0;
			defaultConfigurationName = Release;
		};
		DB197C80161B0EB4009EA096 /* Build configuration list for PBXNativeTarget "Bubblemon Dock Tile Plugin" */ = {
			isa = XCConfigurationList;
			buildConfigurations = (
				DB197C7E161B0EB4009EA096 /* Debug */,
				DB197C7F161B0EB4009EA096 /* Release */,
			);
			defaultConfigurationIsVisible = 0;
			defaultConfigurationName = Release;
		};
		DB197CCC161B239A009EA096 /* Build configuration list for PBXNativeTarget "BubblemonWindow" */ = {
			isa = XCConfigurationList;
			buildConfigurations = (
				DB197CCD161B239A009EA096 /* Debug */,
				DB197CCE161B239A009EA096 /* Release */,
			);
			defaultConfigurationIsVisible = 0;
			defaultConfigurationName = Release;
		};
		DB2AF2721F75118100D8D0D9 /* Build configuration list for PBXNativeTarget "BubblemonTouchBarWindow" */ = {
			isa = XCConfigurationList;
			buildConfigurations = (
				DB2AF2731F75118100D8D0D9 /* Debug */,
				DB2AF2741F75118100D8D0D9 /* Release */,
			);
			defaultConfigurationIsVisible = 0;
			defaultConfigurationName = Release;
		};
		DBAFB9A61F99F168004FDA2D /* Build configuration list for PBXNativeTarget "Bubblemon TouchBar" */ = {
			isa = XCConfigurationList;
			buildConfigurations = (
				DBAFB9A71F99F168004FDA2D /* Debug */,
				DBAFB9A81F99F168004FDA2D /* Release */,
			);
			defaultConfigurationIsVisible = 0;
			defaultConfigurationName = Release;
		};
		DBD1D0A71F877ED500447FF5 /* Build configuration list for PBXNativeTarget "Bubblemon TouchBar Helper" */ = {
			isa = XCConfigurationList;
			buildConfigurations = (
				DBD1D0A51F877ED500447FF5 /* Debug */,
				DBD1D0A61F877ED500447FF5 /* Release */,
			);
			defaultConfigurationIsVisible = 0;
			defaultConfigurationName = Release;
		};
/* End XCConfigurationList section */
	};
	rootObject = 04E3648F154D613F002BC8DD /* Project object */;
}
